// !$*UTF8*$!
{
	archiveVersion = 1;
	classes = {
	};
	objectVersion = 45;
	objects = {

/* Begin PBXBuildFile section */
		1DDD58160DA1D0A300B32029 /* MainMenu.xib in Resources */ = {isa = PBXBuildFile; fileRef = 1DDD58140DA1D0A300B32029 /* MainMenu.xib */; };
		371182B210C454E200732634 /* SidebarOutlineView.m in Sources */ = {isa = PBXBuildFile; fileRef = 371182B110C454E200732634 /* SidebarOutlineView.m */; };
		371855D51097C237006A363D /* icon.icns in Resources */ = {isa = PBXBuildFile; fileRef = 371855D41097C237006A363D /* icon.icns */; };
		3735A79C11C6DB5E00DD7461 /* ImportBooks.xib in Resources */ = {isa = PBXBuildFile; fileRef = 3735A79B11C6DB5E00DD7461 /* ImportBooks.xib */; };
		3735A7A011C6DBEF00DD7461 /* ImportBooksController.m in Sources */ = {isa = PBXBuildFile; fileRef = 3735A79F11C6DBEF00DD7461 /* ImportBooksController.m */; };
		3735A97911C9455700DD7461 /* GHUnit.framework in Frameworks */ = {isa = PBXBuildFile; fileRef = 3735A97811C9455700DD7461 /* GHUnit.framework */; };
		3735A98211C9467C00DD7461 /* GHUnitTestMain.m in Sources */ = {isa = PBXBuildFile; fileRef = 3735A98111C9467C00DD7461 /* GHUnitTestMain.m */; };
		3735A98811C946E000DD7461 /* isbnExtractor_Test.m in Sources */ = {isa = PBXBuildFile; fileRef = 3745170F11C56DB0001C7960 /* isbnExtractor_Test.m */; };
		3735A98911C946F500DD7461 /* RegexKitLite.m in Sources */ = {isa = PBXBuildFile; fileRef = 374516C311C54A52001C7960 /* RegexKitLite.m */; };
		3735A9D011C94AF700DD7461 /* isbnExtractor.m in Sources */ = {isa = PBXBuildFile; fileRef = 374516E711C54F81001C7960 /* isbnExtractor.m */; };
		37365594101CCC3C00709C8F /* BooksWindowController.m in Sources */ = {isa = PBXBuildFile; fileRef = 37365593101CCC3C00709C8F /* BooksWindowController.m */; };
		3737514E105426BF00718317 /* isbndbInterface.m in Sources */ = {isa = PBXBuildFile; fileRef = 3737514D105426BF00718317 /* isbndbInterface.m */; };
		373752C0105EB4FF00718317 /* Detail.xib in Resources */ = {isa = PBXBuildFile; fileRef = 373752BF105EB4FF00718317 /* Detail.xib */; };
		373752C6105EB6D500718317 /* SofiaApplication.m in Sources */ = {isa = PBXBuildFile; fileRef = 373752C5105EB6D500718317 /* SofiaApplication.m */; };
		3737550E106839A700718317 /* Credits.html in Resources */ = {isa = PBXBuildFile; fileRef = 3737550D106839A700718317 /* Credits.html */; };
		3745147F11B70B2A001C7960 /* Quartz.framework in Frameworks */ = {isa = PBXBuildFile; fileRef = 3745147E11B70B2A001C7960 /* Quartz.framework */; };
		3745148611B70B85001C7960 /* BooksImageBrowserView.m in Sources */ = {isa = PBXBuildFile; fileRef = 3745148511B70B85001C7960 /* BooksImageBrowserView.m */; };
		3745159011C025BC001C7960 /* BooksTableViewController.m in Sources */ = {isa = PBXBuildFile; fileRef = 3745158F11C025BC001C7960 /* BooksTableViewController.m */; };
		3745159C11C0283A001C7960 /* BooksImageBrowserController.m in Sources */ = {isa = PBXBuildFile; fileRef = 3745159B11C0283A001C7960 /* BooksImageBrowserController.m */; };
		374515C211C19092001C7960 /* BooksMainViewController.m in Sources */ = {isa = PBXBuildFile; fileRef = 374515C111C19092001C7960 /* BooksMainViewController.m */; };
		374516C511C54A52001C7960 /* RegexKitLite.m in Sources */ = {isa = PBXBuildFile; fileRef = 374516C311C54A52001C7960 /* RegexKitLite.m */; };
		374516E811C54F81001C7960 /* isbnExtractor.m in Sources */ = {isa = PBXBuildFile; fileRef = 374516E711C54F81001C7960 /* isbnExtractor.m */; };
		375F2A9A11ADD43A0062E12E /* amazonInterface.m in Sources */ = {isa = PBXBuildFile; fileRef = 375F2A9911ADD43A0062E12E /* amazonInterface.m */; };
		375F2E3011AF1DDE0062E12E /* hmac_sha2.c in Sources */ = {isa = PBXBuildFile; fileRef = 375F2E2B11AF1DDE0062E12E /* hmac_sha2.c */; };
		375F2E3211AF1DDE0062E12E /* sha2.c in Sources */ = {isa = PBXBuildFile; fileRef = 375F2E2E11AF1DDE0062E12E /* sha2.c */; };
		375F2E3411AF1E0C0062E12E /* SignedAwsSearchRequest.m in Sources */ = {isa = PBXBuildFile; fileRef = 375F2E3311AF1E0C0062E12E /* SignedAwsSearchRequest.m */; };
		375F321211B473AB0062E12E /* GTMBase64.m in Sources */ = {isa = PBXBuildFile; fileRef = 375F31FD11B473AB0062E12E /* GTMBase64.m */; };
		375F324011B479290062E12E /* GTMNSString+URLArguments.m in Sources */ = {isa = PBXBuildFile; fileRef = 375F323F11B479290062E12E /* GTMNSString+URLArguments.m */; };
		375F330211B5C2120062E12E /* book.m in Sources */ = {isa = PBXBuildFile; fileRef = 375F330111B5C2120062E12E /* book.m */; };
		376D413D10B21B4C00242DF7 /* author.m in Sources */ = {isa = PBXBuildFile; fileRef = 376D413610B21B4C00242DF7 /* author.m */; };
		376D413E10B21B4C00242DF7 /* subject.m in Sources */ = {isa = PBXBuildFile; fileRef = 376D413810B21B4C00242DF7 /* subject.m */; };
		376D414010B21B4C00242DF7 /* person.m in Sources */ = {isa = PBXBuildFile; fileRef = 376D413C10B21B4C00242DF7 /* person.m */; };
		37970AB111D920CA003A9D0D /* importarrow.png in Resources */ = {isa = PBXBuildFile; fileRef = 37970AB011D920CA003A9D0D /* importarrow.png */; };
		37970AF911DAA847003A9D0D /* missing.png in Resources */ = {isa = PBXBuildFile; fileRef = 37970AF811DAA847003A9D0D /* missing.png */; };
		37AF6DD611FA298B007A7C85 /* OverviewSplitViewDelegate.m in Sources */ = {isa = PBXBuildFile; fileRef = 37AF6DD511FA298B007A7C85 /* OverviewSplitViewDelegate.m */; };
		37AF704B12048044007A7C85 /* ExternalLinkEditor.xib in Resources */ = {isa = PBXBuildFile; fileRef = 37AF704A12048044007A7C85 /* ExternalLinkEditor.xib */; };
		37AF705D12049F87007A7C85 /* ExternalLinkEditorController.m in Sources */ = {isa = PBXBuildFile; fileRef = 37AF705C12049F87007A7C85 /* ExternalLinkEditorController.m */; };
		37AF712112075B11007A7C85 /* VerticallyCenteredTextField.m in Sources */ = {isa = PBXBuildFile; fileRef = 37AF712012075B11007A7C85 /* VerticallyCenteredTextField.m */; };
		37AF727F120CAAC8007A7C85 /* PreviewView.m in Sources */ = {isa = PBXBuildFile; fileRef = 37AF727E120CAAC8007A7C85 /* PreviewView.m */; };
		37AF72A1120D7D8E007A7C85 /* PreviewViewController.m in Sources */ = {isa = PBXBuildFile; fileRef = 37AF72A0120D7D8E007A7C85 /* PreviewViewController.m */; };
		37AF72EE120DB8CA007A7C85 /* ReflectionImageView.m in Sources */ = {isa = PBXBuildFile; fileRef = 37AF72ED120DB8CA007A7C85 /* ReflectionImageView.m */; };
		37AF75E91216CFBB007A7C85 /* PreviewSplitViewDelegate.m in Sources */ = {isa = PBXBuildFile; fileRef = 37AF75E81216CFBB007A7C85 /* PreviewSplitViewDelegate.m */; };
		37AF7A43121FEFE5007A7C85 /* database.xcdatamodeld in Sources */ = {isa = PBXBuildFile; fileRef = 37AF7A42121FEFE5007A7C85 /* database.xcdatamodeld */; };
		37AF7A9E122172B5007A7C85 /* NSString+Sofia.m in Sources */ = {isa = PBXBuildFile; fileRef = 37AF7A9D122172B5007A7C85 /* NSString+Sofia.m */; };
		37AF7BB4122465E4007A7C85 /* SimilarBooksViewController.m in Sources */ = {isa = PBXBuildFile; fileRef = 37AF7BB3122465E4007A7C85 /* SimilarBooksViewController.m */; };
		37AF7CD2122FC4B9007A7C85 /* NoExpansionTextFieldCell.m in Sources */ = {isa = PBXBuildFile; fileRef = 37AF7CD1122FC4B9007A7C85 /* NoExpansionTextFieldCell.m */; };
		37AF7CFE122FD831007A7C85 /* BookReview.m in Sources */ = {isa = PBXBuildFile; fileRef = 37AF7CFD122FD831007A7C85 /* BookReview.m */; };
		37AF7D62122FF5AF007A7C85 /* ReviewsViewController.m in Sources */ = {isa = PBXBuildFile; fileRef = 37AF7D61122FF5AF007A7C85 /* ReviewsViewController.m */; };
		37AF7D9B12311223007A7C85 /* FiveStarsCell.m in Sources */ = {isa = PBXBuildFile; fileRef = 37AF7D9A12311223007A7C85 /* FiveStarsCell.m */; };
		37AF7F311231BE60007A7C85 /* stars.tif in Resources */ = {isa = PBXBuildFile; fileRef = 37AF7F301231BE60007A7C85 /* stars.tif */; };
		37AF7F6D12341D36007A7C85 /* FiveStars.m in Sources */ = {isa = PBXBuildFile; fileRef = 37AF7F6C12341D36007A7C85 /* FiveStars.m */; };
		37AF7FFA123989B9007A7C85 /* BooksCoverflowController.m in Sources */ = {isa = PBXBuildFile; fileRef = 37AF7FF9123989B9007A7C85 /* BooksCoverflowController.m */; };
		37AF800612399331007A7C85 /* GSCoverflow.m in Sources */ = {isa = PBXBuildFile; fileRef = 37AF800512399331007A7C85 /* GSCoverflow.m */; };
		37AF80151239981D007A7C85 /* GSCoverflowItem.m in Sources */ = {isa = PBXBuildFile; fileRef = 37AF80141239981D007A7C85 /* GSCoverflowItem.m */; };
		37BAF501114D69D000F95C41 /* list.m in Sources */ = {isa = PBXBuildFile; fileRef = 37BAF4FD114D69D000F95C41 /* list.m */; };
		37BAF502114D69D000F95C41 /* Library.m in Sources */ = {isa = PBXBuildFile; fileRef = 37BAF4FF114D69D000F95C41 /* Library.m */; };
		37BAF94511566BA700F95C41 /* BooksTableView.m in Sources */ = {isa = PBXBuildFile; fileRef = 37BAF94411566BA700F95C41 /* BooksTableView.m */; };
		37BAFA31115A778000F95C41 /* smartList.m in Sources */ = {isa = PBXBuildFile; fileRef = 37BAFA30115A778000F95C41 /* smartList.m */; };
		37BAFB78115C085B00F95C41 /* ImageAndTextCell.m in Sources */ = {isa = PBXBuildFile; fileRef = 37BAFB77115C085B00F95C41 /* ImageAndTextCell.m */; };
		37BAFBBA115C14D700F95C41 /* smartlist.tif in Resources */ = {isa = PBXBuildFile; fileRef = 37BAFBB9115C14D700F95C41 /* smartlist.tif */; };
		37BAFBC2115C162000F95C41 /* list.tif in Resources */ = {isa = PBXBuildFile; fileRef = 37BAFBC1115C162000F95C41 /* list.tif */; };
		37BAFBCA115C173300F95C41 /* book.tif in Resources */ = {isa = PBXBuildFile; fileRef = 37BAFBC9115C173300F95C41 /* book.tif */; };
		37BAFBDA115C1C7700F95C41 /* shopping.tif in Resources */ = {isa = PBXBuildFile; fileRef = 37BAFBD9115C1C7700F95C41 /* shopping.tif */; };
		37BAFBDE115C1D1500F95C41 /* shopping2.tif in Resources */ = {isa = PBXBuildFile; fileRef = 37BAFBDD115C1D1500F95C41 /* shopping2.tif */; };
		37BAFC941162510C00F95C41 /* PredicateEditor.xib in Resources */ = {isa = PBXBuildFile; fileRef = 37BAFC931162510C00F95C41 /* PredicateEditor.xib */; };
		37BAFC981162516900F95C41 /* PredicateEditorWindowController.m in Sources */ = {isa = PBXBuildFile; fileRef = 37BAFC971162516900F95C41 /* PredicateEditorWindowController.m */; };
		37D7073310B5D7FE0004F441 /* AuthorDetail.xib in Resources */ = {isa = PBXBuildFile; fileRef = 37D7073210B5D7FE0004F441 /* AuthorDetail.xib */; };
		37D7073710B5D8BE0004F441 /* AuthorsWindowController.m in Sources */ = {isa = PBXBuildFile; fileRef = 37D7073610B5D8BE0004F441 /* AuthorsWindowController.m */; };
		37D708DB10C190100004F441 /* MBPreferencesController.m in Sources */ = {isa = PBXBuildFile; fileRef = 37D708DA10C190100004F441 /* MBPreferencesController.m */; };
		37D708EF10C191EF0004F441 /* Preferences_AccessKeys.xib in Resources */ = {isa = PBXBuildFile; fileRef = 37D708EE10C191EF0004F441 /* Preferences_AccessKeys.xib */; };
		37D708F410C192980004F441 /* AccessKeyViewController.m in Sources */ = {isa = PBXBuildFile; fileRef = 37D708F310C192980004F441 /* AccessKeyViewController.m */; };
		37D7095F10C1BFC90004F441 /* Preferences_General.xib in Resources */ = {isa = PBXBuildFile; fileRef = 37D7095E10C1BFC90004F441 /* Preferences_General.xib */; };
		37D7096310C1BFFB0004F441 /* GeneralViewController.m in Sources */ = {isa = PBXBuildFile; fileRef = 37D7096210C1BFFB0004F441 /* GeneralViewController.m */; };
		37D7099E10C1D8400004F441 /* SubjectDetail.xib in Resources */ = {isa = PBXBuildFile; fileRef = 37D7099D10C1D8400004F441 /* SubjectDetail.xib */; };
		37D709A410C1D8E50004F441 /* SubjectWindowController.m in Sources */ = {isa = PBXBuildFile; fileRef = 37D709A310C1D8E50004F441 /* SubjectWindowController.m */; };
		37F36B0E124027340012D62E /* QuartzCore.framework in Frameworks */ = {isa = PBXBuildFile; fileRef = 37F36B0D124027340012D62E /* QuartzCore.framework */; };
		8D11072B0486CEB800E47090 /* InfoPlist.strings in Resources */ = {isa = PBXBuildFile; fileRef = 089C165CFE840E0CC02AAC07 /* InfoPlist.strings */; };
		8D11072D0486CEB800E47090 /* main.m in Sources */ = {isa = PBXBuildFile; fileRef = 29B97316FDCFA39411CA2CEA /* main.m */; settings = {ATTRIBUTES = (); }; };
		8D11072F0486CEB800E47090 /* Cocoa.framework in Frameworks */ = {isa = PBXBuildFile; fileRef = 1058C7A1FEA54F0111CA2CBB /* Cocoa.framework */; };
/* End PBXBuildFile section */

/* Begin PBXContainerItemProxy section */
		3735A97C11C9456E00DD7461 /* PBXContainerItemProxy */ = {
			isa = PBXContainerItemProxy;
			containerPortal = 29B97313FDCFA39411CA2CEA /* Project object */;
			proxyType = 1;
			remoteGlobalIDString = 8D1107260486CEB800E47090;
			remoteInfo = Sofia;
		};
/* End PBXContainerItemProxy section */

/* Begin PBXFileReference section */
		089C165DFE840E0CC02AAC07 /* English */ = {isa = PBXFileReference; fileEncoding = 10; lastKnownFileType = text.plist.strings; name = English; path = English.lproj/InfoPlist.strings; sourceTree = "<group>"; };
		1058C7A1FEA54F0111CA2CBB /* Cocoa.framework */ = {isa = PBXFileReference; lastKnownFileType = wrapper.framework; name = Cocoa.framework; path = /System/Library/Frameworks/Cocoa.framework; sourceTree = "<absolute>"; };
		13E42FB307B3F0F600E4EEF1 /* CoreData.framework */ = {isa = PBXFileReference; lastKnownFileType = wrapper.framework; name = CoreData.framework; path = /System/Library/Frameworks/CoreData.framework; sourceTree = "<absolute>"; };
		1DDD58150DA1D0A300B32029 /* English */ = {isa = PBXFileReference; lastKnownFileType = file.xib; name = English; path = English.lproj/MainMenu.xib; sourceTree = "<group>"; };
		29B97316FDCFA39411CA2CEA /* main.m */ = {isa = PBXFileReference; fileEncoding = 4; lastKnownFileType = sourcecode.c.objc; path = main.m; sourceTree = "<group>"; };
		29B97324FDCFA39411CA2CEA /* AppKit.framework */ = {isa = PBXFileReference; lastKnownFileType = wrapper.framework; name = AppKit.framework; path = /System/Library/Frameworks/AppKit.framework; sourceTree = "<absolute>"; };
		29B97325FDCFA39411CA2CEA /* Foundation.framework */ = {isa = PBXFileReference; lastKnownFileType = wrapper.framework; name = Foundation.framework; path = /System/Library/Frameworks/Foundation.framework; sourceTree = "<absolute>"; };
		32CA4F630368D1EE00C91783 /* books_Prefix.pch */ = {isa = PBXFileReference; fileEncoding = 4; lastKnownFileType = sourcecode.c.h; path = books_Prefix.pch; sourceTree = "<group>"; };
		371182B010C454E200732634 /* SidebarOutlineView.h */ = {isa = PBXFileReference; fileEncoding = 4; lastKnownFileType = sourcecode.c.h; path = SidebarOutlineView.h; sourceTree = "<group>"; };
		371182B110C454E200732634 /* SidebarOutlineView.m */ = {isa = PBXFileReference; fileEncoding = 4; lastKnownFileType = sourcecode.c.objc; path = SidebarOutlineView.m; sourceTree = "<group>"; };
		371855D41097C237006A363D /* icon.icns */ = {isa = PBXFileReference; lastKnownFileType = image.icns; name = icon.icns; path = icon_design/icon.icns; sourceTree = "<group>"; };
		3735A79B11C6DB5E00DD7461 /* ImportBooks.xib */ = {isa = PBXFileReference; lastKnownFileType = file.xib; path = ImportBooks.xib; sourceTree = "<group>"; };
		3735A79E11C6DBEF00DD7461 /* ImportBooksController.h */ = {isa = PBXFileReference; fileEncoding = 4; lastKnownFileType = sourcecode.c.h; path = ImportBooksController.h; sourceTree = "<group>"; };
		3735A79F11C6DBEF00DD7461 /* ImportBooksController.m */ = {isa = PBXFileReference; fileEncoding = 4; lastKnownFileType = sourcecode.c.objc; path = ImportBooksController.m; sourceTree = "<group>"; };
		3735A97211C9453100DD7461 /* GHUnitTest.app */ = {isa = PBXFileReference; explicitFileType = wrapper.application; includeInIndex = 0; path = GHUnitTest.app; sourceTree = BUILT_PRODUCTS_DIR; };
		3735A97411C9453100DD7461 /* GHUnitTest-Info.plist */ = {isa = PBXFileReference; lastKnownFileType = text.plist.xml; path = "GHUnitTest-Info.plist"; sourceTree = "<group>"; };
		3735A97811C9455700DD7461 /* GHUnit.framework */ = {isa = PBXFileReference; lastKnownFileType = wrapper.framework; name = GHUnit.framework; path = Library/Frameworks/GHUnit.framework; sourceTree = SDKROOT; };
		3735A98111C9467C00DD7461 /* GHUnitTestMain.m */ = {isa = PBXFileReference; fileEncoding = 4; lastKnownFileType = sourcecode.c.objc; path = GHUnitTestMain.m; sourceTree = "<group>"; };
		3735AAF011CEBDD300DD7461 /* BooksWindowControllerDelegate.h */ = {isa = PBXFileReference; fileEncoding = 4; lastKnownFileType = sourcecode.c.h; path = BooksWindowControllerDelegate.h; sourceTree = "<group>"; };
		37365592101CCC3C00709C8F /* BooksWindowController.h */ = {isa = PBXFileReference; fileEncoding = 4; lastKnownFileType = sourcecode.c.h; path = BooksWindowController.h; sourceTree = "<group>"; };
		37365593101CCC3C00709C8F /* BooksWindowController.m */ = {isa = PBXFileReference; fileEncoding = 4; lastKnownFileType = sourcecode.c.objc; path = BooksWindowController.m; sourceTree = "<group>"; };
		373751491054219600718317 /* database.xcdatamodel */ = {isa = PBXFileReference; fileEncoding = 4; lastKnownFileType = wrapper.xcdatamodel; path = database.xcdatamodel; sourceTree = "<group>"; };
		3737514C105426BF00718317 /* isbndbInterface.h */ = {isa = PBXFileReference; fileEncoding = 4; lastKnownFileType = sourcecode.c.h; path = isbndbInterface.h; sourceTree = "<group>"; };
		3737514D105426BF00718317 /* isbndbInterface.m */ = {isa = PBXFileReference; fileEncoding = 4; lastKnownFileType = sourcecode.c.objc; path = isbndbInterface.m; sourceTree = "<group>"; };
		373752BF105EB4FF00718317 /* Detail.xib */ = {isa = PBXFileReference; lastKnownFileType = file.xib; path = Detail.xib; sourceTree = "<group>"; };
		373752C4105EB6D500718317 /* SofiaApplication.h */ = {isa = PBXFileReference; fileEncoding = 4; lastKnownFileType = sourcecode.c.h; path = SofiaApplication.h; sourceTree = "<group>"; };
		373752C5105EB6D500718317 /* SofiaApplication.m */ = {isa = PBXFileReference; fileEncoding = 4; lastKnownFileType = sourcecode.c.objc; path = SofiaApplication.m; sourceTree = "<group>"; };
		3737550D106839A700718317 /* Credits.html */ = {isa = PBXFileReference; fileEncoding = 4; lastKnownFileType = text.html; path = Credits.html; sourceTree = "<group>"; };
		3745147E11B70B2A001C7960 /* Quartz.framework */ = {isa = PBXFileReference; lastKnownFileType = wrapper.framework; name = Quartz.framework; path = System/Library/Frameworks/Quartz.framework; sourceTree = SDKROOT; };
		3745148411B70B85001C7960 /* BooksImageBrowserView.h */ = {isa = PBXFileReference; fileEncoding = 4; lastKnownFileType = sourcecode.c.h; path = BooksImageBrowserView.h; sourceTree = "<group>"; };
		3745148511B70B85001C7960 /* BooksImageBrowserView.m */ = {isa = PBXFileReference; fileEncoding = 4; lastKnownFileType = sourcecode.c.objc; path = BooksImageBrowserView.m; sourceTree = "<group>"; };
		3745158E11C025BC001C7960 /* BooksTableViewController.h */ = {isa = PBXFileReference; fileEncoding = 4; lastKnownFileType = sourcecode.c.h; path = BooksTableViewController.h; sourceTree = "<group>"; };
		3745158F11C025BC001C7960 /* BooksTableViewController.m */ = {isa = PBXFileReference; fileEncoding = 4; lastKnownFileType = sourcecode.c.objc; path = BooksTableViewController.m; sourceTree = "<group>"; };
		3745159A11C0283A001C7960 /* BooksImageBrowserController.h */ = {isa = PBXFileReference; fileEncoding = 4; lastKnownFileType = sourcecode.c.h; path = BooksImageBrowserController.h; sourceTree = "<group>"; };
		3745159B11C0283A001C7960 /* BooksImageBrowserController.m */ = {isa = PBXFileReference; fileEncoding = 4; lastKnownFileType = sourcecode.c.objc; path = BooksImageBrowserController.m; sourceTree = "<group>"; };
		374515C011C19092001C7960 /* BooksMainViewController.h */ = {isa = PBXFileReference; fileEncoding = 4; lastKnownFileType = sourcecode.c.h; path = BooksMainViewController.h; sourceTree = "<group>"; };
		374515C111C19092001C7960 /* BooksMainViewController.m */ = {isa = PBXFileReference; fileEncoding = 4; lastKnownFileType = sourcecode.c.objc; path = BooksMainViewController.m; sourceTree = "<group>"; };
		374516C111C54A52001C7960 /* RegexKitLite.h */ = {isa = PBXFileReference; fileEncoding = 4; lastKnownFileType = sourcecode.c.h; path = RegexKitLite.h; sourceTree = "<group>"; };
		374516C211C54A52001C7960 /* RegexKitLite.html */ = {isa = PBXFileReference; fileEncoding = 4; lastKnownFileType = text.html; path = RegexKitLite.html; sourceTree = "<group>"; };
		374516C311C54A52001C7960 /* RegexKitLite.m */ = {isa = PBXFileReference; fileEncoding = 4; lastKnownFileType = sourcecode.c.objc; path = RegexKitLite.m; sourceTree = "<group>"; };
		374516E611C54F81001C7960 /* isbnExtractor.h */ = {isa = PBXFileReference; fileEncoding = 4; lastKnownFileType = sourcecode.c.h; path = isbnExtractor.h; sourceTree = "<group>"; };
		374516E711C54F81001C7960 /* isbnExtractor.m */ = {isa = PBXFileReference; fileEncoding = 4; lastKnownFileType = sourcecode.c.objc; path = isbnExtractor.m; sourceTree = "<group>"; };
		374516FC11C56CAD001C7960 /* Test-Info.plist */ = {isa = PBXFileReference; lastKnownFileType = text.plist.xml; path = "Test-Info.plist"; sourceTree = "<group>"; };
		3745170E11C56DB0001C7960 /* isbnExtractor_Test.h */ = {isa = PBXFileReference; fileEncoding = 4; lastKnownFileType = sourcecode.c.h; path = isbnExtractor_Test.h; sourceTree = "<group>"; };
		3745170F11C56DB0001C7960 /* isbnExtractor_Test.m */ = {isa = PBXFileReference; fileEncoding = 4; lastKnownFileType = sourcecode.c.objc; path = isbnExtractor_Test.m; sourceTree = "<group>"; };
		375F2A9811ADD43A0062E12E /* amazonInterface.h */ = {isa = PBXFileReference; fileEncoding = 4; lastKnownFileType = sourcecode.c.h; path = amazonInterface.h; sourceTree = "<group>"; };
		375F2A9911ADD43A0062E12E /* amazonInterface.m */ = {isa = PBXFileReference; fileEncoding = 4; lastKnownFileType = sourcecode.c.objc; path = amazonInterface.m; sourceTree = "<group>"; };
		375F2E2B11AF1DDE0062E12E /* hmac_sha2.c */ = {isa = PBXFileReference; fileEncoding = 4; lastKnownFileType = sourcecode.c.c; path = hmac_sha2.c; sourceTree = "<group>"; };
		375F2E2C11AF1DDE0062E12E /* hmac_sha2.h */ = {isa = PBXFileReference; fileEncoding = 4; lastKnownFileType = sourcecode.c.h; path = hmac_sha2.h; sourceTree = "<group>"; };
		375F2E2E11AF1DDE0062E12E /* sha2.c */ = {isa = PBXFileReference; fileEncoding = 4; lastKnownFileType = sourcecode.c.c; path = sha2.c; sourceTree = "<group>"; };
		375F2E2F11AF1DDE0062E12E /* sha2.h */ = {isa = PBXFileReference; fileEncoding = 4; lastKnownFileType = sourcecode.c.h; path = sha2.h; sourceTree = "<group>"; };
		375F2E3311AF1E0C0062E12E /* SignedAwsSearchRequest.m */ = {isa = PBXFileReference; fileEncoding = 4; lastKnownFileType = sourcecode.c.objc; path = SignedAwsSearchRequest.m; sourceTree = "<group>"; };
		375F2E3511AF1E190062E12E /* SignedAwsSearchRequest.h */ = {isa = PBXFileReference; fileEncoding = 4; lastKnownFileType = sourcecode.c.h; path = SignedAwsSearchRequest.h; sourceTree = "<group>"; };
		375F31FC11B473AB0062E12E /* GTMBase64.h */ = {isa = PBXFileReference; fileEncoding = 4; lastKnownFileType = sourcecode.c.h; path = GTMBase64.h; sourceTree = "<group>"; };
		375F31FD11B473AB0062E12E /* GTMBase64.m */ = {isa = PBXFileReference; fileEncoding = 4; lastKnownFileType = sourcecode.c.objc; path = GTMBase64.m; sourceTree = "<group>"; };
		375F320211B473AB0062E12E /* GTMDefines.h */ = {isa = PBXFileReference; fileEncoding = 4; lastKnownFileType = sourcecode.c.h; path = GTMDefines.h; sourceTree = "<group>"; };
		375F323E11B479290062E12E /* GTMNSString+URLArguments.h */ = {isa = PBXFileReference; fileEncoding = 4; lastKnownFileType = sourcecode.c.h; path = "GTMNSString+URLArguments.h"; sourceTree = "<group>"; };
		375F323F11B479290062E12E /* GTMNSString+URLArguments.m */ = {isa = PBXFileReference; fileEncoding = 4; lastKnownFileType = sourcecode.c.objc; path = "GTMNSString+URLArguments.m"; sourceTree = "<group>"; };
		375F324111B479310062E12E /* GTMGarbageCollection.h */ = {isa = PBXFileReference; fileEncoding = 4; lastKnownFileType = sourcecode.c.h; path = GTMGarbageCollection.h; sourceTree = "<group>"; };
		375F330011B5C2120062E12E /* book.h */ = {isa = PBXFileReference; fileEncoding = 4; lastKnownFileType = sourcecode.c.h; path = book.h; sourceTree = "<group>"; };
		375F330111B5C2120062E12E /* book.m */ = {isa = PBXFileReference; fileEncoding = 4; lastKnownFileType = sourcecode.c.objc; path = book.m; sourceTree = "<group>"; };
		376D413510B21B4C00242DF7 /* author.h */ = {isa = PBXFileReference; fileEncoding = 4; lastKnownFileType = sourcecode.c.h; path = author.h; sourceTree = "<group>"; };
		376D413610B21B4C00242DF7 /* author.m */ = {isa = PBXFileReference; fileEncoding = 4; lastKnownFileType = sourcecode.c.objc; path = author.m; sourceTree = "<group>"; };
		376D413710B21B4C00242DF7 /* subject.h */ = {isa = PBXFileReference; fileEncoding = 4; lastKnownFileType = sourcecode.c.h; path = subject.h; sourceTree = "<group>"; };
		376D413810B21B4C00242DF7 /* subject.m */ = {isa = PBXFileReference; fileEncoding = 4; lastKnownFileType = sourcecode.c.objc; path = subject.m; sourceTree = "<group>"; };
		376D413B10B21B4C00242DF7 /* person.h */ = {isa = PBXFileReference; fileEncoding = 4; lastKnownFileType = sourcecode.c.h; path = person.h; sourceTree = "<group>"; };
		376D413C10B21B4C00242DF7 /* person.m */ = {isa = PBXFileReference; fileEncoding = 4; lastKnownFileType = sourcecode.c.objc; path = person.m; sourceTree = "<group>"; };
		37970AB011D920CA003A9D0D /* importarrow.png */ = {isa = PBXFileReference; lastKnownFileType = image.png; path = importarrow.png; sourceTree = "<group>"; };
		37970AF811DAA847003A9D0D /* missing.png */ = {isa = PBXFileReference; lastKnownFileType = image.png; path = missing.png; sourceTree = "<group>"; };
		37AF6DD411FA298B007A7C85 /* OverviewSplitViewDelegate.h */ = {isa = PBXFileReference; fileEncoding = 4; lastKnownFileType = sourcecode.c.h; path = OverviewSplitViewDelegate.h; sourceTree = "<group>"; };
		37AF6DD511FA298B007A7C85 /* OverviewSplitViewDelegate.m */ = {isa = PBXFileReference; fileEncoding = 4; lastKnownFileType = sourcecode.c.objc; path = OverviewSplitViewDelegate.m; sourceTree = "<group>"; };
		37AF704A12048044007A7C85 /* ExternalLinkEditor.xib */ = {isa = PBXFileReference; lastKnownFileType = file.xib; path = ExternalLinkEditor.xib; sourceTree = "<group>"; };
		37AF705B12049F87007A7C85 /* ExternalLinkEditorController.h */ = {isa = PBXFileReference; fileEncoding = 4; lastKnownFileType = sourcecode.c.h; path = ExternalLinkEditorController.h; sourceTree = "<group>"; };
		37AF705C12049F87007A7C85 /* ExternalLinkEditorController.m */ = {isa = PBXFileReference; fileEncoding = 4; lastKnownFileType = sourcecode.c.objc; path = ExternalLinkEditorController.m; sourceTree = "<group>"; };
		37AF711F12075B11007A7C85 /* VerticallyCenteredTextField.h */ = {isa = PBXFileReference; fileEncoding = 4; lastKnownFileType = sourcecode.c.h; path = VerticallyCenteredTextField.h; sourceTree = "<group>"; };
		37AF712012075B11007A7C85 /* VerticallyCenteredTextField.m */ = {isa = PBXFileReference; fileEncoding = 4; lastKnownFileType = sourcecode.c.objc; path = VerticallyCenteredTextField.m; sourceTree = "<group>"; };
		37AF727D120CAAC8007A7C85 /* PreviewView.h */ = {isa = PBXFileReference; fileEncoding = 4; lastKnownFileType = sourcecode.c.h; path = PreviewView.h; sourceTree = "<group>"; };
		37AF727E120CAAC8007A7C85 /* PreviewView.m */ = {isa = PBXFileReference; fileEncoding = 4; lastKnownFileType = sourcecode.c.objc; path = PreviewView.m; sourceTree = "<group>"; };
		37AF729F120D7D8E007A7C85 /* PreviewViewController.h */ = {isa = PBXFileReference; fileEncoding = 4; lastKnownFileType = sourcecode.c.h; path = PreviewViewController.h; sourceTree = "<group>"; };
		37AF72A0120D7D8E007A7C85 /* PreviewViewController.m */ = {isa = PBXFileReference; fileEncoding = 4; lastKnownFileType = sourcecode.c.objc; path = PreviewViewController.m; sourceTree = "<group>"; };
		37AF72EC120DB8CA007A7C85 /* ReflectionImageView.h */ = {isa = PBXFileReference; fileEncoding = 4; lastKnownFileType = sourcecode.c.h; path = ReflectionImageView.h; sourceTree = "<group>"; };
		37AF72ED120DB8CA007A7C85 /* ReflectionImageView.m */ = {isa = PBXFileReference; fileEncoding = 4; lastKnownFileType = sourcecode.c.objc; path = ReflectionImageView.m; sourceTree = "<group>"; };
		37AF75E71216CFBB007A7C85 /* PreviewSplitViewDelegate.h */ = {isa = PBXFileReference; fileEncoding = 4; lastKnownFileType = sourcecode.c.h; path = PreviewSplitViewDelegate.h; sourceTree = "<group>"; };
		37AF75E81216CFBB007A7C85 /* PreviewSplitViewDelegate.m */ = {isa = PBXFileReference; fileEncoding = 4; lastKnownFileType = sourcecode.c.objc; path = PreviewSplitViewDelegate.m; sourceTree = "<group>"; };
		37AF7A44121FEFE5007A7C85 /* database 2.xcdatamodel */ = {isa = PBXFileReference; lastKnownFileType = wrapper.xcdatamodel; path = "database 2.xcdatamodel"; sourceTree = "<group>"; };
		37AF7A9C122172B5007A7C85 /* NSString+Sofia.h */ = {isa = PBXFileReference; fileEncoding = 4; lastKnownFileType = sourcecode.c.h; path = "NSString+Sofia.h"; sourceTree = "<group>"; };
		37AF7A9D122172B5007A7C85 /* NSString+Sofia.m */ = {isa = PBXFileReference; fileEncoding = 4; lastKnownFileType = sourcecode.c.objc; path = "NSString+Sofia.m"; sourceTree = "<group>"; };
		37AF7BB2122465E4007A7C85 /* SimilarBooksViewController.h */ = {isa = PBXFileReference; fileEncoding = 4; lastKnownFileType = sourcecode.c.h; path = SimilarBooksViewController.h; sourceTree = "<group>"; };
		37AF7BB3122465E4007A7C85 /* SimilarBooksViewController.m */ = {isa = PBXFileReference; fileEncoding = 4; lastKnownFileType = sourcecode.c.objc; path = SimilarBooksViewController.m; sourceTree = "<group>"; };
		37AF7CD0122FC4B9007A7C85 /* NoExpansionTextFieldCell.h */ = {isa = PBXFileReference; fileEncoding = 4; lastKnownFileType = sourcecode.c.h; path = NoExpansionTextFieldCell.h; sourceTree = "<group>"; };
		37AF7CD1122FC4B9007A7C85 /* NoExpansionTextFieldCell.m */ = {isa = PBXFileReference; fileEncoding = 4; lastKnownFileType = sourcecode.c.objc; path = NoExpansionTextFieldCell.m; sourceTree = "<group>"; };
		37AF7CFC122FD831007A7C85 /* BookReview.h */ = {isa = PBXFileReference; fileEncoding = 4; lastKnownFileType = sourcecode.c.h; path = BookReview.h; sourceTree = "<group>"; };
		37AF7CFD122FD831007A7C85 /* BookReview.m */ = {isa = PBXFileReference; fileEncoding = 4; lastKnownFileType = sourcecode.c.objc; path = BookReview.m; sourceTree = "<group>"; };
		37AF7D60122FF5AF007A7C85 /* ReviewsViewController.h */ = {isa = PBXFileReference; fileEncoding = 4; lastKnownFileType = sourcecode.c.h; path = ReviewsViewController.h; sourceTree = "<group>"; };
		37AF7D61122FF5AF007A7C85 /* ReviewsViewController.m */ = {isa = PBXFileReference; fileEncoding = 4; lastKnownFileType = sourcecode.c.objc; path = ReviewsViewController.m; sourceTree = "<group>"; };
		37AF7D9912311223007A7C85 /* FiveStarsCell.h */ = {isa = PBXFileReference; fileEncoding = 4; lastKnownFileType = sourcecode.c.h; path = FiveStarsCell.h; sourceTree = "<group>"; };
		37AF7D9A12311223007A7C85 /* FiveStarsCell.m */ = {isa = PBXFileReference; fileEncoding = 4; lastKnownFileType = sourcecode.c.objc; path = FiveStarsCell.m; sourceTree = "<group>"; };
		37AF7F301231BE60007A7C85 /* stars.tif */ = {isa = PBXFileReference; lastKnownFileType = image.tiff; path = stars.tif; sourceTree = "<group>"; };
		37AF7F6B12341D36007A7C85 /* FiveStars.h */ = {isa = PBXFileReference; fileEncoding = 4; lastKnownFileType = sourcecode.c.h; path = FiveStars.h; sourceTree = "<group>"; };
		37AF7F6C12341D36007A7C85 /* FiveStars.m */ = {isa = PBXFileReference; fileEncoding = 4; lastKnownFileType = sourcecode.c.objc; path = FiveStars.m; sourceTree = "<group>"; };
		37AF7FF8123989B9007A7C85 /* BooksCoverflowController.h */ = {isa = PBXFileReference; fileEncoding = 4; lastKnownFileType = sourcecode.c.h; path = BooksCoverflowController.h; sourceTree = "<group>"; };
		37AF7FF9123989B9007A7C85 /* BooksCoverflowController.m */ = {isa = PBXFileReference; fileEncoding = 4; lastKnownFileType = sourcecode.c.objc; path = BooksCoverflowController.m; sourceTree = "<group>"; };
		37AF800412399331007A7C85 /* GSCoverflow.h */ = {isa = PBXFileReference; fileEncoding = 4; lastKnownFileType = sourcecode.c.h; path = GSCoverflow.h; sourceTree = "<group>"; };
		37AF800512399331007A7C85 /* GSCoverflow.m */ = {isa = PBXFileReference; fileEncoding = 4; lastKnownFileType = sourcecode.c.objc; path = GSCoverflow.m; sourceTree = "<group>"; };
		37AF800812399525007A7C85 /* GSCoverflowDataSource.h */ = {isa = PBXFileReference; fileEncoding = 4; lastKnownFileType = sourcecode.c.h; path = GSCoverflowDataSource.h; sourceTree = "<group>"; };
		37AF800912399532007A7C85 /* GSCoverflowDelegate.h */ = {isa = PBXFileReference; fileEncoding = 4; lastKnownFileType = sourcecode.c.h; path = GSCoverflowDelegate.h; sourceTree = "<group>"; };
		37AF80131239981D007A7C85 /* GSCoverflowItem.h */ = {isa = PBXFileReference; fileEncoding = 4; lastKnownFileType = sourcecode.c.h; path = GSCoverflowItem.h; sourceTree = "<group>"; };
		37AF80141239981D007A7C85 /* GSCoverflowItem.m */ = {isa = PBXFileReference; fileEncoding = 4; lastKnownFileType = sourcecode.c.objc; path = GSCoverflowItem.m; sourceTree = "<group>"; };
		37BAF4FC114D69D000F95C41 /* list.h */ = {isa = PBXFileReference; fileEncoding = 4; lastKnownFileType = sourcecode.c.h; path = list.h; sourceTree = "<group>"; };
		37BAF4FD114D69D000F95C41 /* list.m */ = {isa = PBXFileReference; fileEncoding = 4; lastKnownFileType = sourcecode.c.objc; path = list.m; sourceTree = "<group>"; };
		37BAF4FE114D69D000F95C41 /* Library.h */ = {isa = PBXFileReference; fileEncoding = 4; lastKnownFileType = sourcecode.c.h; path = Library.h; sourceTree = "<group>"; };
		37BAF4FF114D69D000F95C41 /* Library.m */ = {isa = PBXFileReference; fileEncoding = 4; lastKnownFileType = sourcecode.c.objc; path = Library.m; sourceTree = "<group>"; };
		37BAF94311566BA700F95C41 /* BooksTableView.h */ = {isa = PBXFileReference; fileEncoding = 4; lastKnownFileType = sourcecode.c.h; path = BooksTableView.h; sourceTree = "<group>"; };
		37BAF94411566BA700F95C41 /* BooksTableView.m */ = {isa = PBXFileReference; fileEncoding = 4; lastKnownFileType = sourcecode.c.objc; path = BooksTableView.m; sourceTree = "<group>"; };
		37BAFA2F115A778000F95C41 /* smartList.h */ = {isa = PBXFileReference; fileEncoding = 4; lastKnownFileType = sourcecode.c.h; path = smartList.h; sourceTree = "<group>"; };
		37BAFA30115A778000F95C41 /* smartList.m */ = {isa = PBXFileReference; fileEncoding = 4; lastKnownFileType = sourcecode.c.objc; path = smartList.m; sourceTree = "<group>"; };
		37BAFB76115C085B00F95C41 /* ImageAndTextCell.h */ = {isa = PBXFileReference; fileEncoding = 4; lastKnownFileType = sourcecode.c.h; path = ImageAndTextCell.h; sourceTree = "<group>"; };
		37BAFB77115C085B00F95C41 /* ImageAndTextCell.m */ = {isa = PBXFileReference; fileEncoding = 4; lastKnownFileType = sourcecode.c.objc; path = ImageAndTextCell.m; sourceTree = "<group>"; };
		37BAFBB9115C14D700F95C41 /* smartlist.tif */ = {isa = PBXFileReference; lastKnownFileType = image.tiff; path = smartlist.tif; sourceTree = "<group>"; };
		37BAFBC1115C162000F95C41 /* list.tif */ = {isa = PBXFileReference; lastKnownFileType = image.tiff; path = list.tif; sourceTree = "<group>"; };
		37BAFBC9115C173300F95C41 /* book.tif */ = {isa = PBXFileReference; lastKnownFileType = image.tiff; path = book.tif; sourceTree = "<group>"; };
		37BAFBD9115C1C7700F95C41 /* shopping.tif */ = {isa = PBXFileReference; lastKnownFileType = image.tiff; path = shopping.tif; sourceTree = "<group>"; };
		37BAFBDD115C1D1500F95C41 /* shopping2.tif */ = {isa = PBXFileReference; lastKnownFileType = image.tiff; path = shopping2.tif; sourceTree = "<group>"; };
		37BAFC931162510C00F95C41 /* PredicateEditor.xib */ = {isa = PBXFileReference; lastKnownFileType = file.xib; path = PredicateEditor.xib; sourceTree = "<group>"; };
		37BAFC961162516900F95C41 /* PredicateEditorWindowController.h */ = {isa = PBXFileReference; fileEncoding = 4; lastKnownFileType = sourcecode.c.h; path = PredicateEditorWindowController.h; sourceTree = "<group>"; };
		37BAFC971162516900F95C41 /* PredicateEditorWindowController.m */ = {isa = PBXFileReference; fileEncoding = 4; lastKnownFileType = sourcecode.c.objc; path = PredicateEditorWindowController.m; sourceTree = "<group>"; };
		37D7073210B5D7FE0004F441 /* AuthorDetail.xib */ = {isa = PBXFileReference; lastKnownFileType = file.xib; path = AuthorDetail.xib; sourceTree = "<group>"; };
		37D7073510B5D8BE0004F441 /* AuthorsWindowController.h */ = {isa = PBXFileReference; fileEncoding = 4; lastKnownFileType = sourcecode.c.h; path = AuthorsWindowController.h; sourceTree = "<group>"; };
		37D7073610B5D8BE0004F441 /* AuthorsWindowController.m */ = {isa = PBXFileReference; fileEncoding = 4; lastKnownFileType = sourcecode.c.objc; path = AuthorsWindowController.m; sourceTree = "<group>"; };
		37D708D910C190100004F441 /* MBPreferencesController.h */ = {isa = PBXFileReference; fileEncoding = 4; lastKnownFileType = sourcecode.c.h; path = MBPreferencesController.h; sourceTree = "<group>"; };
		37D708DA10C190100004F441 /* MBPreferencesController.m */ = {isa = PBXFileReference; fileEncoding = 4; lastKnownFileType = sourcecode.c.objc; path = MBPreferencesController.m; sourceTree = "<group>"; };
		37D708EE10C191EF0004F441 /* Preferences_AccessKeys.xib */ = {isa = PBXFileReference; lastKnownFileType = file.xib; path = Preferences_AccessKeys.xib; sourceTree = "<group>"; };
		37D708F210C192980004F441 /* AccessKeyViewController.h */ = {isa = PBXFileReference; fileEncoding = 4; lastKnownFileType = sourcecode.c.h; path = AccessKeyViewController.h; sourceTree = "<group>"; };
		37D708F310C192980004F441 /* AccessKeyViewController.m */ = {isa = PBXFileReference; fileEncoding = 4; lastKnownFileType = sourcecode.c.objc; path = AccessKeyViewController.m; sourceTree = "<group>"; };
		37D7095E10C1BFC90004F441 /* Preferences_General.xib */ = {isa = PBXFileReference; lastKnownFileType = file.xib; path = Preferences_General.xib; sourceTree = "<group>"; };
		37D7096110C1BFFB0004F441 /* GeneralViewController.h */ = {isa = PBXFileReference; fileEncoding = 4; lastKnownFileType = sourcecode.c.h; path = GeneralViewController.h; sourceTree = "<group>"; };
		37D7096210C1BFFB0004F441 /* GeneralViewController.m */ = {isa = PBXFileReference; fileEncoding = 4; lastKnownFileType = sourcecode.c.objc; path = GeneralViewController.m; sourceTree = "<group>"; };
		37D7099D10C1D8400004F441 /* SubjectDetail.xib */ = {isa = PBXFileReference; lastKnownFileType = file.xib; path = SubjectDetail.xib; sourceTree = "<group>"; };
		37D709A210C1D8E50004F441 /* SubjectWindowController.h */ = {isa = PBXFileReference; fileEncoding = 4; lastKnownFileType = sourcecode.c.h; path = SubjectWindowController.h; sourceTree = "<group>"; };
		37D709A310C1D8E50004F441 /* SubjectWindowController.m */ = {isa = PBXFileReference; fileEncoding = 4; lastKnownFileType = sourcecode.c.objc; path = SubjectWindowController.m; sourceTree = "<group>"; };
		37F36B0D124027340012D62E /* QuartzCore.framework */ = {isa = PBXFileReference; lastKnownFileType = wrapper.framework; name = QuartzCore.framework; path = System/Library/Frameworks/QuartzCore.framework; sourceTree = SDKROOT; };
		37FF4F4311E7CC07001B8ECC /* PredicateEditorWindowControllerDelegate.h */ = {isa = PBXFileReference; fileEncoding = 4; lastKnownFileType = sourcecode.c.h; path = PredicateEditorWindowControllerDelegate.h; sourceTree = "<group>"; };
		37FF4FB211E8ACDA001B8ECC /* AuthorsWindowControllerDelegate.h */ = {isa = PBXFileReference; fileEncoding = 4; lastKnownFileType = sourcecode.c.h; path = AuthorsWindowControllerDelegate.h; sourceTree = "<group>"; };
		37FF4FB311E8ACEA001B8ECC /* SubjectWindowControllerDelegate.h */ = {isa = PBXFileReference; fileEncoding = 4; lastKnownFileType = sourcecode.c.h; path = SubjectWindowControllerDelegate.h; sourceTree = "<group>"; };
		37FF506411EB8838001B8ECC /* ImportBooksControllerDelegate.h */ = {isa = PBXFileReference; fileEncoding = 4; lastKnownFileType = sourcecode.c.h; path = ImportBooksControllerDelegate.h; sourceTree = "<group>"; };
		8D1107310486CEB800E47090 /* Info.plist */ = {isa = PBXFileReference; fileEncoding = 4; lastKnownFileType = text.plist.xml; path = Info.plist; sourceTree = "<group>"; };
		8D1107320486CEB800E47090 /* Sofia.app */ = {isa = PBXFileReference; explicitFileType = wrapper.application; includeInIndex = 0; path = Sofia.app; sourceTree = BUILT_PRODUCTS_DIR; };
/* End PBXFileReference section */

/* Begin PBXFrameworksBuildPhase section */
		3735A97011C9453000DD7461 /* Frameworks */ = {
			isa = PBXFrameworksBuildPhase;
			buildActionMask = 2147483647;
			files = (
				3735A97911C9455700DD7461 /* GHUnit.framework in Frameworks */,
			);
			runOnlyForDeploymentPostprocessing = 0;
		};
		8D11072E0486CEB800E47090 /* Frameworks */ = {
			isa = PBXFrameworksBuildPhase;
			buildActionMask = 2147483647;
			files = (
				8D11072F0486CEB800E47090 /* Cocoa.framework in Frameworks */,
				3745147F11B70B2A001C7960 /* Quartz.framework in Frameworks */,
				37F36B0E124027340012D62E /* QuartzCore.framework in Frameworks */,
			);
			runOnlyForDeploymentPostprocessing = 0;
		};
/* End PBXFrameworksBuildPhase section */

/* Begin PBXGroup section */
		080E96DDFE201D6D7F000001 /* Classes */ = {
			isa = PBXGroup;
			children = (
				375F2A9B11AF1DA40062E12E /* External */,
				37BAFB73115C083300F95C41 /* Cocoa Extensions */,
				3737514C105426BF00718317 /* isbndbInterface.h */,
				3737514D105426BF00718317 /* isbndbInterface.m */,
				375F2A9811ADD43A0062E12E /* amazonInterface.h */,
				375F2A9911ADD43A0062E12E /* amazonInterface.m */,
				374516E611C54F81001C7960 /* isbnExtractor.h */,
				374516E711C54F81001C7960 /* isbnExtractor.m */,
				37AF7CFC122FD831007A7C85 /* BookReview.h */,
				37AF7CFD122FD831007A7C85 /* BookReview.m */,
				37AF80131239981D007A7C85 /* GSCoverflowItem.h */,
				37AF80141239981D007A7C85 /* GSCoverflowItem.m */,
			);
			name = Classes;
			sourceTree = "<group>";
		};
		1058C7A0FEA54F0111CA2CBB /* Linked Frameworks */ = {
			isa = PBXGroup;
			children = (
				1058C7A1FEA54F0111CA2CBB /* Cocoa.framework */,
			);
			name = "Linked Frameworks";
			sourceTree = "<group>";
		};
		1058C7A2FEA54F0111CA2CBB /* Other Frameworks */ = {
			isa = PBXGroup;
			children = (
				29B97324FDCFA39411CA2CEA /* AppKit.framework */,
				13E42FB307B3F0F600E4EEF1 /* CoreData.framework */,
				29B97325FDCFA39411CA2CEA /* Foundation.framework */,
				3745147E11B70B2A001C7960 /* Quartz.framework */,
				37F36B0D124027340012D62E /* QuartzCore.framework */,
			);
			name = "Other Frameworks";
			sourceTree = "<group>";
		};
		19C28FACFE9D520D11CA2CBB /* Products */ = {
			isa = PBXGroup;
			children = (
				8D1107320486CEB800E47090 /* Sofia.app */,
				3735A97211C9453100DD7461 /* GHUnitTest.app */,
			);
			name = Products;
			sourceTree = "<group>";
		};
		29B97314FDCFA39411CA2CEA /* books */ = {
			isa = PBXGroup;
			children = (
				080E96DDFE201D6D7F000001 /* Classes */,
				29B97315FDCFA39411CA2CEA /* Other Sources */,
				29B97317FDCFA39411CA2CEA /* Resources */,
				29B97323FDCFA39411CA2CEA /* Frameworks */,
				19C28FACFE9D520D11CA2CBB /* Products */,
				374516FC11C56CAD001C7960 /* Test-Info.plist */,
				3735A97411C9453100DD7461 /* GHUnitTest-Info.plist */,
				3735A97811C9455700DD7461 /* GHUnit.framework */,
			);
			name = books;
			sourceTree = "<group>";
		};
		29B97315FDCFA39411CA2CEA /* Other Sources */ = {
			isa = PBXGroup;
			children = (
				37AF7A9A12217295007A7C85 /* Categories */,
				37AF6DD311FA296A007A7C85 /* Delegates */,
				3735AAF111CEBDDA00DD7461 /* Protocols */,
				3745170D11C56D8B001C7960 /* Unit Tests */,
				37BAFB72115C07FA00F95C41 /* NSMangedObject Subclasses */,
				37D708D010C18F7C0004F441 /* Controllers */,
				32CA4F630368D1EE00C91783 /* books_Prefix.pch */,
				29B97316FDCFA39411CA2CEA /* main.m */,
			);
			name = "Other Sources";
			sourceTree = "<group>";
		};
		29B97317FDCFA39411CA2CEA /* Resources */ = {
			isa = PBXGroup;
			children = (
				37BAFBB7115C14C700F95C41 /* Images */,
				37D708ED10C191CD0004F441 /* Preference Panes */,
				371855D41097C237006A363D /* icon.icns */,
				373752BF105EB4FF00718317 /* Detail.xib */,
				1DDD58140DA1D0A300B32029 /* MainMenu.xib */,
				8D1107310486CEB800E47090 /* Info.plist */,
				089C165CFE840E0CC02AAC07 /* InfoPlist.strings */,
				3737550D106839A700718317 /* Credits.html */,
				37D7073210B5D7FE0004F441 /* AuthorDetail.xib */,
				37D7099D10C1D8400004F441 /* SubjectDetail.xib */,
				37BAFC931162510C00F95C41 /* PredicateEditor.xib */,
				37AF7A42121FEFE5007A7C85 /* database.xcdatamodeld */,
				3735A79B11C6DB5E00DD7461 /* ImportBooks.xib */,
				37AF704A12048044007A7C85 /* ExternalLinkEditor.xib */,
			);
			name = Resources;
			sourceTree = "<group>";
		};
		29B97323FDCFA39411CA2CEA /* Frameworks */ = {
			isa = PBXGroup;
			children = (
				1058C7A0FEA54F0111CA2CBB /* Linked Frameworks */,
				1058C7A2FEA54F0111CA2CBB /* Other Frameworks */,
			);
			name = Frameworks;
			sourceTree = "<group>";
		};
		3735AAF111CEBDDA00DD7461 /* Protocols */ = {
			isa = PBXGroup;
			children = (
				3735AAF011CEBDD300DD7461 /* BooksWindowControllerDelegate.h */,
				37FF4F4311E7CC07001B8ECC /* PredicateEditorWindowControllerDelegate.h */,
				37FF4FB211E8ACDA001B8ECC /* AuthorsWindowControllerDelegate.h */,
				37FF4FB311E8ACEA001B8ECC /* SubjectWindowControllerDelegate.h */,
				37FF506411EB8838001B8ECC /* ImportBooksControllerDelegate.h */,
				37AF800812399525007A7C85 /* GSCoverflowDataSource.h */,
				37AF800912399532007A7C85 /* GSCoverflowDelegate.h */,
			);
			name = Protocols;
			sourceTree = "<group>";
		};
		374516C011C54A39001C7960 /* RegexKitLite-4.0 */ = {
			isa = PBXGroup;
			children = (
				374516C111C54A52001C7960 /* RegexKitLite.h */,
				374516C211C54A52001C7960 /* RegexKitLite.html */,
				374516C311C54A52001C7960 /* RegexKitLite.m */,
			);
			name = "RegexKitLite-4.0";
			sourceTree = "<group>";
		};
		3745170D11C56D8B001C7960 /* Unit Tests */ = {
			isa = PBXGroup;
			children = (
				3735A98111C9467C00DD7461 /* GHUnitTestMain.m */,
				3745170E11C56DB0001C7960 /* isbnExtractor_Test.h */,
				3745170F11C56DB0001C7960 /* isbnExtractor_Test.m */,
			);
			name = "Unit Tests";
			sourceTree = "<group>";
		};
		375F2A9B11AF1DA40062E12E /* External */ = {
			isa = PBXGroup;
			children = (
				37BAFB76115C085B00F95C41 /* ImageAndTextCell.h */,
				37BAFB77115C085B00F95C41 /* ImageAndTextCell.m */,
				375F2E3511AF1E190062E12E /* SignedAwsSearchRequest.h */,
				375F2E3311AF1E0C0062E12E /* SignedAwsSearchRequest.m */,
				37D708D910C190100004F441 /* MBPreferencesController.h */,
				37D708DA10C190100004F441 /* MBPreferencesController.m */,
				374516C011C54A39001C7960 /* RegexKitLite-4.0 */,
				375F31F911B473AB0062E12E /* GTM */,
				375F2E2A11AF1DDE0062E12E /* hmac */,
			);
			name = External;
			sourceTree = "<group>";
		};
		375F2E2A11AF1DDE0062E12E /* hmac */ = {
			isa = PBXGroup;
			children = (
				375F2E2B11AF1DDE0062E12E /* hmac_sha2.c */,
				375F2E2C11AF1DDE0062E12E /* hmac_sha2.h */,
				375F2E2E11AF1DDE0062E12E /* sha2.c */,
				375F2E2F11AF1DDE0062E12E /* sha2.h */,
			);
			path = hmac;
			sourceTree = "<group>";
		};
		375F31F911B473AB0062E12E /* GTM */ = {
			isa = PBXGroup;
			children = (
				375F323E11B479290062E12E /* GTMNSString+URLArguments.h */,
				375F323F11B479290062E12E /* GTMNSString+URLArguments.m */,
				375F31FC11B473AB0062E12E /* GTMBase64.h */,
				375F31FD11B473AB0062E12E /* GTMBase64.m */,
				375F320211B473AB0062E12E /* GTMDefines.h */,
				375F324111B479310062E12E /* GTMGarbageCollection.h */,
			);
			name = GTM;
			sourceTree = "<group>";
		};
		37AF6DD311FA296A007A7C85 /* Delegates */ = {
			isa = PBXGroup;
			children = (
				37AF6DD411FA298B007A7C85 /* OverviewSplitViewDelegate.h */,
				37AF6DD511FA298B007A7C85 /* OverviewSplitViewDelegate.m */,
				37AF75E71216CFBB007A7C85 /* PreviewSplitViewDelegate.h */,
				37AF75E81216CFBB007A7C85 /* PreviewSplitViewDelegate.m */,
			);
			name = Delegates;
			sourceTree = "<group>";
		};
		37AF7A9A12217295007A7C85 /* Categories */ = {
			isa = PBXGroup;
			children = (
				37AF7A9C122172B5007A7C85 /* NSString+Sofia.h */,
				37AF7A9D122172B5007A7C85 /* NSString+Sofia.m */,
			);
			name = Categories;
			sourceTree = "<group>";
		};
		37BAFB72115C07FA00F95C41 /* NSMangedObject Subclasses */ = {
			isa = PBXGroup;
			children = (
				37BAFA2F115A778000F95C41 /* smartList.h */,
				37BAFA30115A778000F95C41 /* smartList.m */,
				37BAF4FC114D69D000F95C41 /* list.h */,
				37BAF4FD114D69D000F95C41 /* list.m */,
				37BAF4FE114D69D000F95C41 /* Library.h */,
				37BAF4FF114D69D000F95C41 /* Library.m */,
				376D413510B21B4C00242DF7 /* author.h */,
				376D413610B21B4C00242DF7 /* author.m */,
				376D413710B21B4C00242DF7 /* subject.h */,
				376D413810B21B4C00242DF7 /* subject.m */,
				376D413B10B21B4C00242DF7 /* person.h */,
				376D413C10B21B4C00242DF7 /* person.m */,
				375F330011B5C2120062E12E /* book.h */,
				375F330111B5C2120062E12E /* book.m */,
			);
			name = "NSMangedObject Subclasses";
			sourceTree = "<group>";
		};
		37BAFB73115C083300F95C41 /* Cocoa Extensions */ = {
			isa = PBXGroup;
			children = (
				371182B010C454E200732634 /* SidebarOutlineView.h */,
				371182B110C454E200732634 /* SidebarOutlineView.m */,
				37BAF94311566BA700F95C41 /* BooksTableView.h */,
				37BAF94411566BA700F95C41 /* BooksTableView.m */,
				3745148411B70B85001C7960 /* BooksImageBrowserView.h */,
				3745148511B70B85001C7960 /* BooksImageBrowserView.m */,
				37AF711F12075B11007A7C85 /* VerticallyCenteredTextField.h */,
				37AF712012075B11007A7C85 /* VerticallyCenteredTextField.m */,
				37AF727D120CAAC8007A7C85 /* PreviewView.h */,
				37AF727E120CAAC8007A7C85 /* PreviewView.m */,
				37AF72EC120DB8CA007A7C85 /* ReflectionImageView.h */,
				37AF72ED120DB8CA007A7C85 /* ReflectionImageView.m */,
				37AF7CD0122FC4B9007A7C85 /* NoExpansionTextFieldCell.h */,
				37AF7CD1122FC4B9007A7C85 /* NoExpansionTextFieldCell.m */,
				37AF7D9912311223007A7C85 /* FiveStarsCell.h */,
				37AF7D9A12311223007A7C85 /* FiveStarsCell.m */,
				37AF7F6B12341D36007A7C85 /* FiveStars.h */,
				37AF7F6C12341D36007A7C85 /* FiveStars.m */,
				37AF800412399331007A7C85 /* GSCoverflow.h */,
				37AF800512399331007A7C85 /* GSCoverflow.m */,
			);
			name = "Cocoa Extensions";
			sourceTree = "<group>";
		};
		37BAFBB7115C14C700F95C41 /* Images */ = {
			isa = PBXGroup;
			children = (
				37AF7F301231BE60007A7C85 /* stars.tif */,
				37970AF811DAA847003A9D0D /* missing.png */,
				37970AB011D920CA003A9D0D /* importarrow.png */,
				37BAFBDD115C1D1500F95C41 /* shopping2.tif */,
				37BAFBD9115C1C7700F95C41 /* shopping.tif */,
				37BAFBC9115C173300F95C41 /* book.tif */,
				37BAFBC1115C162000F95C41 /* list.tif */,
				37BAFBB9115C14D700F95C41 /* smartlist.tif */,
			);
			name = Images;
			sourceTree = "<group>";
		};
		37D708D010C18F7C0004F441 /* Controllers */ = {
			isa = PBXGroup;
			children = (
				37D708F110C192460004F441 /* Preference Pane Controllers */,
				37365592101CCC3C00709C8F /* BooksWindowController.h */,
				37365593101CCC3C00709C8F /* BooksWindowController.m */,
				373752C4105EB6D500718317 /* SofiaApplication.h */,
				373752C5105EB6D500718317 /* SofiaApplication.m */,
				37D7073510B5D8BE0004F441 /* AuthorsWindowController.h */,
				37D7073610B5D8BE0004F441 /* AuthorsWindowController.m */,
				37D709A210C1D8E50004F441 /* SubjectWindowController.h */,
				37D709A310C1D8E50004F441 /* SubjectWindowController.m */,
				37BAFC961162516900F95C41 /* PredicateEditorWindowController.h */,
				37BAFC971162516900F95C41 /* PredicateEditorWindowController.m */,
				374515C011C19092001C7960 /* BooksMainViewController.h */,
				374515C111C19092001C7960 /* BooksMainViewController.m */,
				3745158E11C025BC001C7960 /* BooksTableViewController.h */,
				3745158F11C025BC001C7960 /* BooksTableViewController.m */,
				3745159A11C0283A001C7960 /* BooksImageBrowserController.h */,
				3745159B11C0283A001C7960 /* BooksImageBrowserController.m */,
				37AF7FF8123989B9007A7C85 /* BooksCoverflowController.h */,
				37AF7FF9123989B9007A7C85 /* BooksCoverflowController.m */,
				3735A79E11C6DBEF00DD7461 /* ImportBooksController.h */,
				3735A79F11C6DBEF00DD7461 /* ImportBooksController.m */,
				37AF705B12049F87007A7C85 /* ExternalLinkEditorController.h */,
				37AF705C12049F87007A7C85 /* ExternalLinkEditorController.m */,
				37AF729F120D7D8E007A7C85 /* PreviewViewController.h */,
				37AF72A0120D7D8E007A7C85 /* PreviewViewController.m */,
				37AF7BB2122465E4007A7C85 /* SimilarBooksViewController.h */,
				37AF7BB3122465E4007A7C85 /* SimilarBooksViewController.m */,
				37AF7D60122FF5AF007A7C85 /* ReviewsViewController.h */,
				37AF7D61122FF5AF007A7C85 /* ReviewsViewController.m */,
			);
			name = Controllers;
			sourceTree = "<group>";
		};
		37D708ED10C191CD0004F441 /* Preference Panes */ = {
			isa = PBXGroup;
			children = (
				37D708EE10C191EF0004F441 /* Preferences_AccessKeys.xib */,
				37D7095E10C1BFC90004F441 /* Preferences_General.xib */,
			);
			name = "Preference Panes";
			sourceTree = "<group>";
		};
		37D708F110C192460004F441 /* Preference Pane Controllers */ = {
			isa = PBXGroup;
			children = (
				37D708F210C192980004F441 /* AccessKeyViewController.h */,
				37D708F310C192980004F441 /* AccessKeyViewController.m */,
				37D7096110C1BFFB0004F441 /* GeneralViewController.h */,
				37D7096210C1BFFB0004F441 /* GeneralViewController.m */,
			);
			name = "Preference Pane Controllers";
			sourceTree = "<group>";
		};
/* End PBXGroup section */

/* Begin PBXNativeTarget section */
		3735A97111C9453000DD7461 /* GHUnitTest */ = {
			isa = PBXNativeTarget;
			buildConfigurationList = 3735A97711C9453100DD7461 /* Build configuration list for PBXNativeTarget "GHUnitTest" */;
			buildPhases = (
				3735A96E11C9453000DD7461 /* Resources */,
				3735A96F11C9453000DD7461 /* Sources */,
				3735A97011C9453000DD7461 /* Frameworks */,
			);
			buildRules = (
			);
			dependencies = (
				3735A97D11C9456E00DD7461 /* PBXTargetDependency */,
			);
			name = GHUnitTest;
			productName = GHUnitTest;
			productReference = 3735A97211C9453100DD7461 /* GHUnitTest.app */;
			productType = "com.apple.product-type.application";
		};
		8D1107260486CEB800E47090 /* Sofia */ = {
			isa = PBXNativeTarget;
			buildConfigurationList = C01FCF4A08A954540054247B /* Build configuration list for PBXNativeTarget "Sofia" */;
			buildPhases = (
				8D1107290486CEB800E47090 /* Resources */,
				8D11072C0486CEB800E47090 /* Sources */,
				8D11072E0486CEB800E47090 /* Frameworks */,
			);
			buildRules = (
			);
			dependencies = (
			);
			name = Sofia;
			productInstallPath = "$(HOME)/Applications";
			productName = books;
			productReference = 8D1107320486CEB800E47090 /* Sofia.app */;
			productType = "com.apple.product-type.application";
		};
/* End PBXNativeTarget section */

/* Begin PBXProject section */
		29B97313FDCFA39411CA2CEA /* Project object */ = {
			isa = PBXProject;
			attributes = {
				ORGANIZATIONNAME = "Greg Sexton Software";
			};
			buildConfigurationList = C01FCF4E08A954540054247B /* Build configuration list for PBXProject "books" */;
			compatibilityVersion = "Xcode 3.1";
			developmentRegion = English;
			hasScannedForEncodings = 1;
			knownRegions = (
				English,
				Japanese,
				French,
				German,
				da,
				de,
				en,
				es,
				fi,
				fr,
				it,
				ja,
				ko,
				nl,
				no,
				pl,
				pt,
				ru,
				sv,
				zh_CN,
				zh_TW,
			);
			mainGroup = 29B97314FDCFA39411CA2CEA /* books */;
			projectDirPath = "";
			projectRoot = "";
			targets = (
				8D1107260486CEB800E47090 /* Sofia */,
				3735A97111C9453000DD7461 /* GHUnitTest */,
			);
		};
/* End PBXProject section */

/* Begin PBXResourcesBuildPhase section */
		3735A96E11C9453000DD7461 /* Resources */ = {
			isa = PBXResourcesBuildPhase;
			buildActionMask = 2147483647;
			files = (
			);
			runOnlyForDeploymentPostprocessing = 0;
		};
		8D1107290486CEB800E47090 /* Resources */ = {
			isa = PBXResourcesBuildPhase;
			buildActionMask = 2147483647;
			files = (
				8D11072B0486CEB800E47090 /* InfoPlist.strings in Resources */,
				1DDD58160DA1D0A300B32029 /* MainMenu.xib in Resources */,
				373752C0105EB4FF00718317 /* Detail.xib in Resources */,
				3737550E106839A700718317 /* Credits.html in Resources */,
				371855D51097C237006A363D /* icon.icns in Resources */,
				37D7073310B5D7FE0004F441 /* AuthorDetail.xib in Resources */,
				37D708EF10C191EF0004F441 /* Preferences_AccessKeys.xib in Resources */,
				37D7095F10C1BFC90004F441 /* Preferences_General.xib in Resources */,
				37D7099E10C1D8400004F441 /* SubjectDetail.xib in Resources */,
				37BAFBBA115C14D700F95C41 /* smartlist.tif in Resources */,
				37BAFBC2115C162000F95C41 /* list.tif in Resources */,
				37BAFBCA115C173300F95C41 /* book.tif in Resources */,
				37BAFBDA115C1C7700F95C41 /* shopping.tif in Resources */,
				37BAFBDE115C1D1500F95C41 /* shopping2.tif in Resources */,
				37BAFC941162510C00F95C41 /* PredicateEditor.xib in Resources */,
				3735A79C11C6DB5E00DD7461 /* ImportBooks.xib in Resources */,
				37970AB111D920CA003A9D0D /* importarrow.png in Resources */,
				37970AF911DAA847003A9D0D /* missing.png in Resources */,
				37AF704B12048044007A7C85 /* ExternalLinkEditor.xib in Resources */,
				37AF7F311231BE60007A7C85 /* stars.tif in Resources */,
			);
			runOnlyForDeploymentPostprocessing = 0;
		};
/* End PBXResourcesBuildPhase section */

/* Begin PBXSourcesBuildPhase section */
		3735A96F11C9453000DD7461 /* Sources */ = {
			isa = PBXSourcesBuildPhase;
			buildActionMask = 2147483647;
			files = (
				3735A98911C946F500DD7461 /* RegexKitLite.m in Sources */,
				3735A98811C946E000DD7461 /* isbnExtractor_Test.m in Sources */,
				3735A9D011C94AF700DD7461 /* isbnExtractor.m in Sources */,
				3735A98211C9467C00DD7461 /* GHUnitTestMain.m in Sources */,
			);
			runOnlyForDeploymentPostprocessing = 0;
		};
		8D11072C0486CEB800E47090 /* Sources */ = {
			isa = PBXSourcesBuildPhase;
			buildActionMask = 2147483647;
			files = (
				8D11072D0486CEB800E47090 /* main.m in Sources */,
				37365594101CCC3C00709C8F /* BooksWindowController.m in Sources */,
				37AF7A43121FEFE5007A7C85 /* database.xcdatamodeld in Sources */,
				3737514E105426BF00718317 /* isbndbInterface.m in Sources */,
				373752C6105EB6D500718317 /* SofiaApplication.m in Sources */,
				376D413D10B21B4C00242DF7 /* author.m in Sources */,
				376D413E10B21B4C00242DF7 /* subject.m in Sources */,
				376D414010B21B4C00242DF7 /* person.m in Sources */,
				37D7073710B5D8BE0004F441 /* AuthorsWindowController.m in Sources */,
				37D708DB10C190100004F441 /* MBPreferencesController.m in Sources */,
				37D708F410C192980004F441 /* AccessKeyViewController.m in Sources */,
				37D7096310C1BFFB0004F441 /* GeneralViewController.m in Sources */,
				37D709A410C1D8E50004F441 /* SubjectWindowController.m in Sources */,
				371182B210C454E200732634 /* SidebarOutlineView.m in Sources */,
				37BAF501114D69D000F95C41 /* list.m in Sources */,
				37BAF502114D69D000F95C41 /* Library.m in Sources */,
				37BAF94511566BA700F95C41 /* BooksTableView.m in Sources */,
				37BAFA31115A778000F95C41 /* smartList.m in Sources */,
				37BAFB78115C085B00F95C41 /* ImageAndTextCell.m in Sources */,
				37BAFC981162516900F95C41 /* PredicateEditorWindowController.m in Sources */,
				375F2A9A11ADD43A0062E12E /* amazonInterface.m in Sources */,
				375F2E3011AF1DDE0062E12E /* hmac_sha2.c in Sources */,
				375F2E3211AF1DDE0062E12E /* sha2.c in Sources */,
				375F2E3411AF1E0C0062E12E /* SignedAwsSearchRequest.m in Sources */,
				375F321211B473AB0062E12E /* GTMBase64.m in Sources */,
				375F324011B479290062E12E /* GTMNSString+URLArguments.m in Sources */,
				375F330211B5C2120062E12E /* book.m in Sources */,
				3745148611B70B85001C7960 /* BooksImageBrowserView.m in Sources */,
				3745159011C025BC001C7960 /* BooksTableViewController.m in Sources */,
				3745159C11C0283A001C7960 /* BooksImageBrowserController.m in Sources */,
				374515C211C19092001C7960 /* BooksMainViewController.m in Sources */,
				374516C511C54A52001C7960 /* RegexKitLite.m in Sources */,
				374516E811C54F81001C7960 /* isbnExtractor.m in Sources */,
				3735A7A011C6DBEF00DD7461 /* ImportBooksController.m in Sources */,
				37AF6DD611FA298B007A7C85 /* OverviewSplitViewDelegate.m in Sources */,
				37AF705D12049F87007A7C85 /* ExternalLinkEditorController.m in Sources */,
				37AF712112075B11007A7C85 /* VerticallyCenteredTextField.m in Sources */,
				37AF727F120CAAC8007A7C85 /* PreviewView.m in Sources */,
				37AF72A1120D7D8E007A7C85 /* PreviewViewController.m in Sources */,
				37AF72EE120DB8CA007A7C85 /* ReflectionImageView.m in Sources */,
				37AF75E91216CFBB007A7C85 /* PreviewSplitViewDelegate.m in Sources */,
				37AF7A9E122172B5007A7C85 /* NSString+Sofia.m in Sources */,
				37AF7BB4122465E4007A7C85 /* SimilarBooksViewController.m in Sources */,
				37AF7CD2122FC4B9007A7C85 /* NoExpansionTextFieldCell.m in Sources */,
				37AF7CFE122FD831007A7C85 /* BookReview.m in Sources */,
				37AF7D62122FF5AF007A7C85 /* ReviewsViewController.m in Sources */,
				37AF7D9B12311223007A7C85 /* FiveStarsCell.m in Sources */,
				37AF7F6D12341D36007A7C85 /* FiveStars.m in Sources */,
				37AF7FFA123989B9007A7C85 /* BooksCoverflowController.m in Sources */,
				37AF800612399331007A7C85 /* GSCoverflow.m in Sources */,
				37AF80151239981D007A7C85 /* GSCoverflowItem.m in Sources */,
			);
			runOnlyForDeploymentPostprocessing = 0;
		};
/* End PBXSourcesBuildPhase section */

/* Begin PBXTargetDependency section */
		3735A97D11C9456E00DD7461 /* PBXTargetDependency */ = {
			isa = PBXTargetDependency;
			target = 8D1107260486CEB800E47090 /* Sofia */;
			targetProxy = 3735A97C11C9456E00DD7461 /* PBXContainerItemProxy */;
		};
/* End PBXTargetDependency section */

/* Begin PBXVariantGroup section */
		089C165CFE840E0CC02AAC07 /* InfoPlist.strings */ = {
			isa = PBXVariantGroup;
			children = (
				089C165DFE840E0CC02AAC07 /* English */,
			);
			name = InfoPlist.strings;
			sourceTree = "<group>";
		};
		1DDD58140DA1D0A300B32029 /* MainMenu.xib */ = {
			isa = PBXVariantGroup;
			children = (
				1DDD58150DA1D0A300B32029 /* English */,
			);
			name = MainMenu.xib;
			sourceTree = "<group>";
		};
/* End PBXVariantGroup section */

/* Begin XCBuildConfiguration section */
		3735A97511C9453100DD7461 /* Debug */ = {
			isa = XCBuildConfiguration;
			buildSettings = {
				ALWAYS_SEARCH_USER_PATHS = NO;
				COPY_PHASE_STRIP = NO;
				GCC_DYNAMIC_NO_PIC = NO;
				GCC_ENABLE_FIX_AND_CONTINUE = YES;
				GCC_MODEL_TUNING = G5;
				GCC_OPTIMIZATION_LEVEL = 0;
				GCC_PRECOMPILE_PREFIX_HEADER = YES;
				GCC_PREFIX_HEADER = "$(SYSTEM_LIBRARY_DIR)/Frameworks/AppKit.framework/Headers/AppKit.h";
				INFOPLIST_FILE = "GHUnitTest-Info.plist";
				INSTALL_PATH = "$(HOME)/Applications";
				OTHER_LDFLAGS = (
					"-framework",
					Foundation,
					"-framework",
					AppKit,
					"-licucore",
				);
				PREBINDING = NO;
				PRODUCT_NAME = GHUnitTest;
			};
			name = Debug;
		};
		3735A97611C9453100DD7461 /* Release */ = {
			isa = XCBuildConfiguration;
			buildSettings = {
				ALWAYS_SEARCH_USER_PATHS = NO;
				COPY_PHASE_STRIP = YES;
				DEBUG_INFORMATION_FORMAT = "dwarf-with-dsym";
				GCC_ENABLE_FIX_AND_CONTINUE = NO;
				GCC_MODEL_TUNING = G5;
				GCC_PRECOMPILE_PREFIX_HEADER = YES;
				GCC_PREFIX_HEADER = "$(SYSTEM_LIBRARY_DIR)/Frameworks/AppKit.framework/Headers/AppKit.h";
				INFOPLIST_FILE = "GHUnitTest-Info.plist";
				INSTALL_PATH = "$(HOME)/Applications";
				OTHER_LDFLAGS = (
					"-framework",
					Foundation,
					"-framework",
					AppKit,
					"-licucore",
				);
				PREBINDING = NO;
				PRODUCT_NAME = GHUnitTest;
				ZERO_LINK = NO;
			};
			name = Release;
		};
		C01FCF4B08A954540054247B /* Debug */ = {
			isa = XCBuildConfiguration;
			buildSettings = {
				ALWAYS_SEARCH_USER_PATHS = NO;
				COPY_PHASE_STRIP = NO;
				FRAMEWORK_SEARCH_PATHS = "$(inherited)";
				GCC_DYNAMIC_NO_PIC = NO;
				GCC_ENABLE_FIX_AND_CONTINUE = YES;
				GCC_MODEL_TUNING = G5;
				GCC_OPTIMIZATION_LEVEL = 0;
				GCC_PRECOMPILE_PREFIX_HEADER = YES;
				GCC_PREFIX_HEADER = books_Prefix.pch;
				GCC_TREAT_WARNINGS_AS_ERRORS = YES;
				GCC_VERSION = 4.2;
				INFOPLIST_FILE = Info.plist;
				INSTALL_PATH = "$(HOME)/Applications";
				LIBRARY_SEARCH_PATHS = "$(inherited)";
				PRODUCT_NAME = Sofia;
			};
			name = Debug;
		};
		C01FCF4C08A954540054247B /* Release */ = {
			isa = XCBuildConfiguration;
			buildSettings = {
				ALWAYS_SEARCH_USER_PATHS = NO;
				DEBUG_INFORMATION_FORMAT = "dwarf-with-dsym";
				FRAMEWORK_SEARCH_PATHS = "$(inherited)";
				GCC_MODEL_TUNING = G5;
				GCC_PRECOMPILE_PREFIX_HEADER = YES;
				GCC_PREFIX_HEADER = books_Prefix.pch;
				GCC_TREAT_WARNINGS_AS_ERRORS = YES;
				GCC_VERSION = 4.2;
				INFOPLIST_FILE = Info.plist;
				INSTALL_PATH = "$(HOME)/Applications";
				LIBRARY_SEARCH_PATHS = "$(inherited)";
				PRODUCT_NAME = Sofia;
			};
			name = Release;
		};
		C01FCF4F08A954540054247B /* Debug */ = {
			isa = XCBuildConfiguration;
			buildSettings = {
				ARCHS = "$(ARCHS_STANDARD_32_BIT)";
				GCC_C_LANGUAGE_STANDARD = c99;
				GCC_OPTIMIZATION_LEVEL = 0;
				GCC_PREPROCESSOR_DEFINITIONS_NOT_USED_IN_PRECOMPS = "CONFIGURATION_$(CONFIGURATION)";
				GCC_WARN_ABOUT_RETURN_TYPE = YES;
				GCC_WARN_UNUSED_VARIABLE = YES;
				ONLY_ACTIVE_ARCH = YES;
				OTHER_LDFLAGS = "-licucore";
				PREBINDING = NO;
				SDKROOT = macosx10.5;
			};
			name = Debug;
		};
		C01FCF5008A954540054247B /* Release */ = {
			isa = XCBuildConfiguration;
			buildSettings = {
				ARCHS = "$(ARCHS_STANDARD_32_BIT)";
				GCC_C_LANGUAGE_STANDARD = c99;
				GCC_PREPROCESSOR_DEFINITIONS_NOT_USED_IN_PRECOMPS = "CONFIGURATION_$(CONFIGURATION)";
				GCC_WARN_ABOUT_RETURN_TYPE = YES;
				GCC_WARN_UNUSED_VARIABLE = YES;
				OTHER_LDFLAGS = "-licucore";
				PREBINDING = NO;
				SDKROOT = macosx10.5;
			};
			name = Release;
		};
/* End XCBuildConfiguration section */

/* Begin XCConfigurationList section */
		3735A97711C9453100DD7461 /* Build configuration list for PBXNativeTarget "GHUnitTest" */ = {
			isa = XCConfigurationList;
			buildConfigurations = (
				3735A97511C9453100DD7461 /* Debug */,
				3735A97611C9453100DD7461 /* Release */,
			);
			defaultConfigurationIsVisible = 0;
			defaultConfigurationName = Release;
		};
		C01FCF4A08A954540054247B /* Build configuration list for PBXNativeTarget "Sofia" */ = {
			isa = XCConfigurationList;
			buildConfigurations = (
				C01FCF4B08A954540054247B /* Debug */,
				C01FCF4C08A954540054247B /* Release */,
			);
			defaultConfigurationIsVisible = 0;
			defaultConfigurationName = Release;
		};
		C01FCF4E08A954540054247B /* Build configuration list for PBXProject "books" */ = {
			isa = XCConfigurationList;
			buildConfigurations = (
				C01FCF4F08A954540054247B /* Debug */,
				C01FCF5008A954540054247B /* Release */,
			);
			defaultConfigurationIsVisible = 0;
			defaultConfigurationName = Release;
		};
/* End XCConfigurationList section */

/* Begin XCVersionGroup section */
		37AF7A42121FEFE5007A7C85 /* database.xcdatamodeld */ = {
			isa = XCVersionGroup;
			children = (
				373751491054219600718317 /* database.xcdatamodel */,
				37AF7A44121FEFE5007A7C85 /* database 2.xcdatamodel */,
			);
			currentVersion = 37AF7A44121FEFE5007A7C85 /* database 2.xcdatamodel */;
			path = database.xcdatamodeld;
			sourceTree = "<group>";
			versionGroupType = wrapper.xcdatamodel;
		};
/* End XCVersionGroup section */
	};
	rootObject = 29B97313FDCFA39411CA2CEA /* Project object */;
}
