// !$*UTF8*$!
{
	archiveVersion = 1;
	classes = {
	};
	objectVersion = 45;
	objects = {

/* Begin PBXBuildFile section */
		1DDD58160DA1D0A300B32029 /* MainMenu.xib in Resources */ = {isa = PBXBuildFile; fileRef = 1DDD58140DA1D0A300B32029 /* MainMenu.xib */; };
		371855D51097C237006A363D /* icon.icns in Resources */ = {isa = PBXBuildFile; fileRef = 371855D41097C237006A363D /* icon.icns */; };
		37365594101CCC3C00709C8F /* BooksWindowController.m in Sources */ = {isa = PBXBuildFile; fileRef = 37365593101CCC3C00709C8F /* BooksWindowController.m */; };
		3737514A1054219700718317 /* database.xcdatamodel in Sources */ = {isa = PBXBuildFile; fileRef = 373751491054219600718317 /* database.xcdatamodel */; };
		3737514E105426BF00718317 /* isbndbInterface.m in Sources */ = {isa = PBXBuildFile; fileRef = 3737514D105426BF00718317 /* isbndbInterface.m */; };
		373752C0105EB4FF00718317 /* Detail.xib in Resources */ = {isa = PBXBuildFile; fileRef = 373752BF105EB4FF00718317 /* Detail.xib */; };
		373752C6105EB6D500718317 /* SofiaApplication.m in Sources */ = {isa = PBXBuildFile; fileRef = 373752C5105EB6D500718317 /* SofiaApplication.m */; };
		3737550E106839A700718317 /* Credits.html in Resources */ = {isa = PBXBuildFile; fileRef = 3737550D106839A700718317 /* Credits.html */; };
		376D413D10B21B4C00242DF7 /* author.m in Sources */ = {isa = PBXBuildFile; fileRef = 376D413610B21B4C00242DF7 /* author.m */; };
		376D413E10B21B4C00242DF7 /* subject.m in Sources */ = {isa = PBXBuildFile; fileRef = 376D413810B21B4C00242DF7 /* subject.m */; };
		376D413F10B21B4C00242DF7 /* book.m in Sources */ = {isa = PBXBuildFile; fileRef = 376D413A10B21B4C00242DF7 /* book.m */; };
		376D414010B21B4C00242DF7 /* person.m in Sources */ = {isa = PBXBuildFile; fileRef = 376D413C10B21B4C00242DF7 /* person.m */; };
		37D7073310B5D7FE0004F441 /* AuthorDetail.xib in Resources */ = {isa = PBXBuildFile; fileRef = 37D7073210B5D7FE0004F441 /* AuthorDetail.xib */; };
		37D7073710B5D8BE0004F441 /* AuthorsWindowController.m in Sources */ = {isa = PBXBuildFile; fileRef = 37D7073610B5D8BE0004F441 /* AuthorsWindowController.m */; };
		37D708DB10C190100004F441 /* MBPreferencesController.m in Sources */ = {isa = PBXBuildFile; fileRef = 37D708DA10C190100004F441 /* MBPreferencesController.m */; };
		37D708EF10C191EF0004F441 /* Preferences_AccessKeys.xib in Resources */ = {isa = PBXBuildFile; fileRef = 37D708EE10C191EF0004F441 /* Preferences_AccessKeys.xib */; };
		37D708F410C192980004F441 /* AccessKeyViewController.m in Sources */ = {isa = PBXBuildFile; fileRef = 37D708F310C192980004F441 /* AccessKeyViewController.m */; };
		37D7095F10C1BFC90004F441 /* Preferences_General.xib in Resources */ = {isa = PBXBuildFile; fileRef = 37D7095E10C1BFC90004F441 /* Preferences_General.xib */; };
		37D7096310C1BFFB0004F441 /* GeneralViewController.m in Sources */ = {isa = PBXBuildFile; fileRef = 37D7096210C1BFFB0004F441 /* GeneralViewController.m */; };
		37D7099E10C1D8400004F441 /* SubjectDetail.xib in Resources */ = {isa = PBXBuildFile; fileRef = 37D7099D10C1D8400004F441 /* SubjectDetail.xib */; };
		37D709A410C1D8E50004F441 /* SubjectWindowController.m in Sources */ = {isa = PBXBuildFile; fileRef = 37D709A310C1D8E50004F441 /* SubjectWindowController.m */; };
		8D11072B0486CEB800E47090 /* InfoPlist.strings in Resources */ = {isa = PBXBuildFile; fileRef = 089C165CFE840E0CC02AAC07 /* InfoPlist.strings */; };
		8D11072D0486CEB800E47090 /* main.m in Sources */ = {isa = PBXBuildFile; fileRef = 29B97316FDCFA39411CA2CEA /* main.m */; settings = {ATTRIBUTES = (); }; };
		8D11072F0486CEB800E47090 /* Cocoa.framework in Frameworks */ = {isa = PBXBuildFile; fileRef = 1058C7A1FEA54F0111CA2CBB /* Cocoa.framework */; };
/* End PBXBuildFile section */

/* Begin PBXFileReference section */
		089C165DFE840E0CC02AAC07 /* English */ = {isa = PBXFileReference; fileEncoding = 10; lastKnownFileType = text.plist.strings; name = English; path = English.lproj/InfoPlist.strings; sourceTree = "<group>"; };
		1058C7A1FEA54F0111CA2CBB /* Cocoa.framework */ = {isa = PBXFileReference; lastKnownFileType = wrapper.framework; name = Cocoa.framework; path = /System/Library/Frameworks/Cocoa.framework; sourceTree = "<absolute>"; };
		13E42FB307B3F0F600E4EEF1 /* CoreData.framework */ = {isa = PBXFileReference; lastKnownFileType = wrapper.framework; name = CoreData.framework; path = /System/Library/Frameworks/CoreData.framework; sourceTree = "<absolute>"; };
		1DDD58150DA1D0A300B32029 /* English */ = {isa = PBXFileReference; lastKnownFileType = file.xib; name = English; path = English.lproj/MainMenu.xib; sourceTree = "<group>"; };
		29B97316FDCFA39411CA2CEA /* main.m */ = {isa = PBXFileReference; fileEncoding = 4; lastKnownFileType = sourcecode.c.objc; path = main.m; sourceTree = "<group>"; };
		29B97324FDCFA39411CA2CEA /* AppKit.framework */ = {isa = PBXFileReference; lastKnownFileType = wrapper.framework; name = AppKit.framework; path = /System/Library/Frameworks/AppKit.framework; sourceTree = "<absolute>"; };
		29B97325FDCFA39411CA2CEA /* Foundation.framework */ = {isa = PBXFileReference; lastKnownFileType = wrapper.framework; name = Foundation.framework; path = /System/Library/Frameworks/Foundation.framework; sourceTree = "<absolute>"; };
		32CA4F630368D1EE00C91783 /* books_Prefix.pch */ = {isa = PBXFileReference; fileEncoding = 4; lastKnownFileType = sourcecode.c.h; path = books_Prefix.pch; sourceTree = "<group>"; };
		371855D41097C237006A363D /* icon.icns */ = {isa = PBXFileReference; lastKnownFileType = image.icns; name = icon.icns; path = icon_design/icon.icns; sourceTree = "<group>"; };
		37365592101CCC3C00709C8F /* BooksWindowController.h */ = {isa = PBXFileReference; fileEncoding = 4; lastKnownFileType = sourcecode.c.h; path = BooksWindowController.h; sourceTree = "<group>"; };
		37365593101CCC3C00709C8F /* BooksWindowController.m */ = {isa = PBXFileReference; fileEncoding = 4; lastKnownFileType = sourcecode.c.objc; path = BooksWindowController.m; sourceTree = "<group>"; };
		373751491054219600718317 /* database.xcdatamodel */ = {isa = PBXFileReference; fileEncoding = 4; lastKnownFileType = wrapper.xcdatamodel; path = database.xcdatamodel; sourceTree = "<group>"; };
		3737514C105426BF00718317 /* isbndbInterface.h */ = {isa = PBXFileReference; fileEncoding = 4; lastKnownFileType = sourcecode.c.h; path = isbndbInterface.h; sourceTree = "<group>"; };
		3737514D105426BF00718317 /* isbndbInterface.m */ = {isa = PBXFileReference; fileEncoding = 4; lastKnownFileType = sourcecode.c.objc; path = isbndbInterface.m; sourceTree = "<group>"; };
		373752BF105EB4FF00718317 /* Detail.xib */ = {isa = PBXFileReference; lastKnownFileType = file.xib; path = Detail.xib; sourceTree = "<group>"; };
		373752C4105EB6D500718317 /* SofiaApplication.h */ = {isa = PBXFileReference; fileEncoding = 4; lastKnownFileType = sourcecode.c.h; path = SofiaApplication.h; sourceTree = "<group>"; };
		373752C5105EB6D500718317 /* SofiaApplication.m */ = {isa = PBXFileReference; fileEncoding = 4; lastKnownFileType = sourcecode.c.objc; path = SofiaApplication.m; sourceTree = "<group>"; };
		3737550D106839A700718317 /* Credits.html */ = {isa = PBXFileReference; fileEncoding = 4; lastKnownFileType = text.html; path = Credits.html; sourceTree = "<group>"; };
		376D413510B21B4C00242DF7 /* author.h */ = {isa = PBXFileReference; fileEncoding = 4; lastKnownFileType = sourcecode.c.h; path = author.h; sourceTree = "<group>"; };
		376D413610B21B4C00242DF7 /* author.m */ = {isa = PBXFileReference; fileEncoding = 4; lastKnownFileType = sourcecode.c.objc; path = author.m; sourceTree = "<group>"; };
		376D413710B21B4C00242DF7 /* subject.h */ = {isa = PBXFileReference; fileEncoding = 4; lastKnownFileType = sourcecode.c.h; path = subject.h; sourceTree = "<group>"; };
		376D413810B21B4C00242DF7 /* subject.m */ = {isa = PBXFileReference; fileEncoding = 4; lastKnownFileType = sourcecode.c.objc; path = subject.m; sourceTree = "<group>"; };
		376D413910B21B4C00242DF7 /* book.h */ = {isa = PBXFileReference; fileEncoding = 4; lastKnownFileType = sourcecode.c.h; path = book.h; sourceTree = "<group>"; };
		376D413A10B21B4C00242DF7 /* book.m */ = {isa = PBXFileReference; fileEncoding = 4; lastKnownFileType = sourcecode.c.objc; path = book.m; sourceTree = "<group>"; };
		376D413B10B21B4C00242DF7 /* person.h */ = {isa = PBXFileReference; fileEncoding = 4; lastKnownFileType = sourcecode.c.h; path = person.h; sourceTree = "<group>"; };
		376D413C10B21B4C00242DF7 /* person.m */ = {isa = PBXFileReference; fileEncoding = 4; lastKnownFileType = sourcecode.c.objc; path = person.m; sourceTree = "<group>"; };
		37D7073210B5D7FE0004F441 /* AuthorDetail.xib */ = {isa = PBXFileReference; lastKnownFileType = file.xib; path = AuthorDetail.xib; sourceTree = "<group>"; };
		37D7073510B5D8BE0004F441 /* AuthorsWindowController.h */ = {isa = PBXFileReference; fileEncoding = 4; lastKnownFileType = sourcecode.c.h; path = AuthorsWindowController.h; sourceTree = "<group>"; };
		37D7073610B5D8BE0004F441 /* AuthorsWindowController.m */ = {isa = PBXFileReference; fileEncoding = 4; lastKnownFileType = sourcecode.c.objc; path = AuthorsWindowController.m; sourceTree = "<group>"; };
		37D708D910C190100004F441 /* MBPreferencesController.h */ = {isa = PBXFileReference; fileEncoding = 4; lastKnownFileType = sourcecode.c.h; path = MBPreferencesController.h; sourceTree = "<group>"; };
		37D708DA10C190100004F441 /* MBPreferencesController.m */ = {isa = PBXFileReference; fileEncoding = 4; lastKnownFileType = sourcecode.c.objc; path = MBPreferencesController.m; sourceTree = "<group>"; };
		37D708EE10C191EF0004F441 /* Preferences_AccessKeys.xib */ = {isa = PBXFileReference; lastKnownFileType = file.xib; path = Preferences_AccessKeys.xib; sourceTree = "<group>"; };
		37D708F210C192980004F441 /* AccessKeyViewController.h */ = {isa = PBXFileReference; fileEncoding = 4; lastKnownFileType = sourcecode.c.h; path = AccessKeyViewController.h; sourceTree = "<group>"; };
		37D708F310C192980004F441 /* AccessKeyViewController.m */ = {isa = PBXFileReference; fileEncoding = 4; lastKnownFileType = sourcecode.c.objc; path = AccessKeyViewController.m; sourceTree = "<group>"; };
		37D7095E10C1BFC90004F441 /* Preferences_General.xib */ = {isa = PBXFileReference; lastKnownFileType = file.xib; path = Preferences_General.xib; sourceTree = "<group>"; };
		37D7096110C1BFFB0004F441 /* GeneralViewController.h */ = {isa = PBXFileReference; fileEncoding = 4; lastKnownFileType = sourcecode.c.h; path = GeneralViewController.h; sourceTree = "<group>"; };
		37D7096210C1BFFB0004F441 /* GeneralViewController.m */ = {isa = PBXFileReference; fileEncoding = 4; lastKnownFileType = sourcecode.c.objc; path = GeneralViewController.m; sourceTree = "<group>"; };
		37D7099D10C1D8400004F441 /* SubjectDetail.xib */ = {isa = PBXFileReference; lastKnownFileType = file.xib; path = SubjectDetail.xib; sourceTree = "<group>"; };
		37D709A210C1D8E50004F441 /* SubjectWindowController.h */ = {isa = PBXFileReference; fileEncoding = 4; lastKnownFileType = sourcecode.c.h; path = SubjectWindowController.h; sourceTree = "<group>"; };
		37D709A310C1D8E50004F441 /* SubjectWindowController.m */ = {isa = PBXFileReference; fileEncoding = 4; lastKnownFileType = sourcecode.c.objc; path = SubjectWindowController.m; sourceTree = "<group>"; };
		8D1107310486CEB800E47090 /* Info.plist */ = {isa = PBXFileReference; fileEncoding = 4; lastKnownFileType = text.plist.xml; path = Info.plist; sourceTree = "<group>"; };
		8D1107320486CEB800E47090 /* Sofia.app */ = {isa = PBXFileReference; explicitFileType = wrapper.application; includeInIndex = 0; path = Sofia.app; sourceTree = BUILT_PRODUCTS_DIR; };
/* End PBXFileReference section */

/* Begin PBXFrameworksBuildPhase section */
		8D11072E0486CEB800E47090 /* Frameworks */ = {
			isa = PBXFrameworksBuildPhase;
			buildActionMask = 2147483647;
			files = (
				8D11072F0486CEB800E47090 /* Cocoa.framework in Frameworks */,
			);
			runOnlyForDeploymentPostprocessing = 0;
		};
/* End PBXFrameworksBuildPhase section */

/* Begin PBXGroup section */
		080E96DDFE201D6D7F000001 /* Classes */ = {
			isa = PBXGroup;
			children = (
				3737514C105426BF00718317 /* isbndbInterface.h */,
				3737514D105426BF00718317 /* isbndbInterface.m */,
			);
			name = Classes;
			sourceTree = "<group>";
		};
		1058C7A0FEA54F0111CA2CBB /* Linked Frameworks */ = {
			isa = PBXGroup;
			children = (
				1058C7A1FEA54F0111CA2CBB /* Cocoa.framework */,
			);
			name = "Linked Frameworks";
			sourceTree = "<group>";
		};
		1058C7A2FEA54F0111CA2CBB /* Other Frameworks */ = {
			isa = PBXGroup;
			children = (
				29B97324FDCFA39411CA2CEA /* AppKit.framework */,
				13E42FB307B3F0F600E4EEF1 /* CoreData.framework */,
				29B97325FDCFA39411CA2CEA /* Foundation.framework */,
			);
			name = "Other Frameworks";
			sourceTree = "<group>";
		};
		19C28FACFE9D520D11CA2CBB /* Products */ = {
			isa = PBXGroup;
			children = (
				8D1107320486CEB800E47090 /* Sofia.app */,
			);
			name = Products;
			sourceTree = "<group>";
		};
		29B97314FDCFA39411CA2CEA /* books */ = {
			isa = PBXGroup;
			children = (
				080E96DDFE201D6D7F000001 /* Classes */,
				29B97315FDCFA39411CA2CEA /* Other Sources */,
				29B97317FDCFA39411CA2CEA /* Resources */,
				29B97323FDCFA39411CA2CEA /* Frameworks */,
				19C28FACFE9D520D11CA2CBB /* Products */,
			);
			name = books;
			sourceTree = "<group>";
		};
		29B97315FDCFA39411CA2CEA /* Other Sources */ = {
			isa = PBXGroup;
			children = (
				37D708D010C18F7C0004F441 /* Controllers */,
				376D413510B21B4C00242DF7 /* author.h */,
				376D413610B21B4C00242DF7 /* author.m */,
				376D413710B21B4C00242DF7 /* subject.h */,
				376D413810B21B4C00242DF7 /* subject.m */,
				376D413910B21B4C00242DF7 /* book.h */,
				376D413A10B21B4C00242DF7 /* book.m */,
				376D413B10B21B4C00242DF7 /* person.h */,
				376D413C10B21B4C00242DF7 /* person.m */,
				32CA4F630368D1EE00C91783 /* books_Prefix.pch */,
				29B97316FDCFA39411CA2CEA /* main.m */,
			);
			name = "Other Sources";
			sourceTree = "<group>";
		};
		29B97317FDCFA39411CA2CEA /* Resources */ = {
			isa = PBXGroup;
			children = (
				37D708ED10C191CD0004F441 /* Preference Panes */,
				371855D41097C237006A363D /* icon.icns */,
				373752BF105EB4FF00718317 /* Detail.xib */,
				1DDD58140DA1D0A300B32029 /* MainMenu.xib */,
				8D1107310486CEB800E47090 /* Info.plist */,
				089C165CFE840E0CC02AAC07 /* InfoPlist.strings */,
				3737550D106839A700718317 /* Credits.html */,
				37D7073210B5D7FE0004F441 /* AuthorDetail.xib */,
				37D7099D10C1D8400004F441 /* SubjectDetail.xib */,
			);
			name = Resources;
			sourceTree = "<group>";
		};
		29B97323FDCFA39411CA2CEA /* Frameworks */ = {
			isa = PBXGroup;
			children = (
				1058C7A0FEA54F0111CA2CBB /* Linked Frameworks */,
				1058C7A2FEA54F0111CA2CBB /* Other Frameworks */,
				373751491054219600718317 /* database.xcdatamodel */,
			);
			name = Frameworks;
			sourceTree = "<group>";
		};
		37D708D010C18F7C0004F441 /* Controllers */ = {
			isa = PBXGroup;
			children = (
				37D708F110C192460004F441 /* Preference Pane Controllers */,
				37D708D910C190100004F441 /* MBPreferencesController.h */,
				37D708DA10C190100004F441 /* MBPreferencesController.m */,
				37365592101CCC3C00709C8F /* BooksWindowController.h */,
				37365593101CCC3C00709C8F /* BooksWindowController.m */,
				373752C4105EB6D500718317 /* SofiaApplication.h */,
				373752C5105EB6D500718317 /* SofiaApplication.m */,
				37D7073510B5D8BE0004F441 /* AuthorsWindowController.h */,
				37D7073610B5D8BE0004F441 /* AuthorsWindowController.m */,
				37D709A210C1D8E50004F441 /* SubjectWindowController.h */,
				37D709A310C1D8E50004F441 /* SubjectWindowController.m */,
			);
			name = Controllers;
			sourceTree = "<group>";
		};
		37D708ED10C191CD0004F441 /* Preference Panes */ = {
			isa = PBXGroup;
			children = (
				37D708EE10C191EF0004F441 /* Preferences_AccessKeys.xib */,
				37D7095E10C1BFC90004F441 /* Preferences_General.xib */,
			);
			name = "Preference Panes";
			sourceTree = "<group>";
		};
		37D708F110C192460004F441 /* Preference Pane Controllers */ = {
			isa = PBXGroup;
			children = (
				37D708F210C192980004F441 /* AccessKeyViewController.h */,
				37D708F310C192980004F441 /* AccessKeyViewController.m */,
				37D7096110C1BFFB0004F441 /* GeneralViewController.h */,
				37D7096210C1BFFB0004F441 /* GeneralViewController.m */,
			);
			name = "Preference Pane Controllers";
			sourceTree = "<group>";
		};
/* End PBXGroup section */

/* Begin PBXNativeTarget section */
		8D1107260486CEB800E47090 /* Sofia */ = {
			isa = PBXNativeTarget;
			buildConfigurationList = C01FCF4A08A954540054247B /* Build configuration list for PBXNativeTarget "Sofia" */;
			buildPhases = (
				8D1107290486CEB800E47090 /* Resources */,
				8D11072C0486CEB800E47090 /* Sources */,
				8D11072E0486CEB800E47090 /* Frameworks */,
			);
			buildRules = (
			);
			dependencies = (
			);
			name = Sofia;
			productInstallPath = "$(HOME)/Applications";
			productName = books;
			productReference = 8D1107320486CEB800E47090 /* Sofia.app */;
			productType = "com.apple.product-type.application";
		};
/* End PBXNativeTarget section */

/* Begin PBXProject section */
		29B97313FDCFA39411CA2CEA /* Project object */ = {
			isa = PBXProject;
			buildConfigurationList = C01FCF4E08A954540054247B /* Build configuration list for PBXProject "books" */;
			compatibilityVersion = "Xcode 3.1";
			hasScannedForEncodings = 1;
			mainGroup = 29B97314FDCFA39411CA2CEA /* books */;
			projectDirPath = "";
			projectRoot = "";
			targets = (
				8D1107260486CEB800E47090 /* Sofia */,
			);
		};
/* End PBXProject section */

/* Begin PBXResourcesBuildPhase section */
		8D1107290486CEB800E47090 /* Resources */ = {
			isa = PBXResourcesBuildPhase;
			buildActionMask = 2147483647;
			files = (
				8D11072B0486CEB800E47090 /* InfoPlist.strings in Resources */,
				1DDD58160DA1D0A300B32029 /* MainMenu.xib in Resources */,
				373752C0105EB4FF00718317 /* Detail.xib in Resources */,
				3737550E106839A700718317 /* Credits.html in Resources */,
				371855D51097C237006A363D /* icon.icns in Resources */,
				37D7073310B5D7FE0004F441 /* AuthorDetail.xib in Resources */,
				37D708EF10C191EF0004F441 /* Preferences_AccessKeys.xib in Resources */,
				37D7095F10C1BFC90004F441 /* Preferences_General.xib in Resources */,
				37D7099E10C1D8400004F441 /* SubjectDetail.xib in Resources */,
			);
			runOnlyForDeploymentPostprocessing = 0;
		};
/* End PBXResourcesBuildPhase section */

/* Begin PBXSourcesBuildPhase section */
		8D11072C0486CEB800E47090 /* Sources */ = {
			isa = PBXSourcesBuildPhase;
			buildActionMask = 2147483647;
			files = (
				8D11072D0486CEB800E47090 /* main.m in Sources */,
				37365594101CCC3C00709C8F /* BooksWindowController.m in Sources */,
				3737514A1054219700718317 /* database.xcdatamodel in Sources */,
				3737514E105426BF00718317 /* isbndbInterface.m in Sources */,
				373752C6105EB6D500718317 /* SofiaApplication.m in Sources */,
				376D413D10B21B4C00242DF7 /* author.m in Sources */,
				376D413E10B21B4C00242DF7 /* subject.m in Sources */,
				376D413F10B21B4C00242DF7 /* book.m in Sources */,
				376D414010B21B4C00242DF7 /* person.m in Sources */,
				37D7073710B5D8BE0004F441 /* AuthorsWindowController.m in Sources */,
				37D708DB10C190100004F441 /* MBPreferencesController.m in Sources */,
				37D708F410C192980004F441 /* AccessKeyViewController.m in Sources */,
				37D7096310C1BFFB0004F441 /* GeneralViewController.m in Sources */,
				37D709A410C1D8E50004F441 /* SubjectWindowController.m in Sources */,
			);
			runOnlyForDeploymentPostprocessing = 0;
		};
/* End PBXSourcesBuildPhase section */

/* Begin PBXVariantGroup section */
		089C165CFE840E0CC02AAC07 /* InfoPlist.strings */ = {
			isa = PBXVariantGroup;
			children = (
				089C165DFE840E0CC02AAC07 /* English */,
			);
			name = InfoPlist.strings;
			sourceTree = "<group>";
		};
		1DDD58140DA1D0A300B32029 /* MainMenu.xib */ = {
			isa = PBXVariantGroup;
			children = (
				1DDD58150DA1D0A300B32029 /* English */,
			);
			name = MainMenu.xib;
			sourceTree = "<group>";
		};
/* End PBXVariantGroup section */

/* Begin XCBuildConfiguration section */
		C01FCF4B08A954540054247B /* Debug */ = {
			isa = XCBuildConfiguration;
			buildSettings = {
				ALWAYS_SEARCH_USER_PATHS = NO;
				COPY_PHASE_STRIP = NO;
				FRAMEWORK_SEARCH_PATHS = (
					"$(inherited)",
					"\"$(SRCROOT)/../gdata-objectivec-client-read-only/Source/build/Debug\"",
				);
				GCC_DYNAMIC_NO_PIC = NO;
				GCC_ENABLE_FIX_AND_CONTINUE = YES;
				GCC_MODEL_TUNING = G5;
				GCC_OPTIMIZATION_LEVEL = 0;
				GCC_PRECOMPILE_PREFIX_HEADER = YES;
				GCC_PREFIX_HEADER = books_Prefix.pch;
				INFOPLIST_FILE = Info.plist;
				INSTALL_PATH = "$(HOME)/Applications";
				PRODUCT_NAME = Sofia;
			};
			name = Debug;
		};
		C01FCF4C08A954540054247B /* Release */ = {
			isa = XCBuildConfiguration;
			buildSettings = {
				ALWAYS_SEARCH_USER_PATHS = NO;
				DEBUG_INFORMATION_FORMAT = "dwarf-with-dsym";
				FRAMEWORK_SEARCH_PATHS = (
					"$(inherited)",
					"\"$(SRCROOT)/../gdata-objectivec-client-read-only/Source/build/Debug\"",
				);
				GCC_MODEL_TUNING = G5;
				GCC_PRECOMPILE_PREFIX_HEADER = YES;
				GCC_PREFIX_HEADER = books_Prefix.pch;
				INFOPLIST_FILE = Info.plist;
				INSTALL_PATH = "$(HOME)/Applications";
				PRODUCT_NAME = Sofia;
			};
			name = Release;
		};
		C01FCF4F08A954540054247B /* Debug */ = {
			isa = XCBuildConfiguration;
			buildSettings = {
				ARCHS = "$(ARCHS_STANDARD_32_BIT)";
				GCC_C_LANGUAGE_STANDARD = c99;
				GCC_OPTIMIZATION_LEVEL = 0;
				GCC_PREPROCESSOR_DEFINITIONS_NOT_USED_IN_PRECOMPS = "CONFIGURATION_$(CONFIGURATION)";
				GCC_WARN_ABOUT_RETURN_TYPE = YES;
				GCC_WARN_UNUSED_VARIABLE = YES;
				ONLY_ACTIVE_ARCH = YES;
				PREBINDING = NO;
				SDKROOT = macosx10.5;
			};
			name = Debug;
		};
		C01FCF5008A954540054247B /* Release */ = {
			isa = XCBuildConfiguration;
			buildSettings = {
				ARCHS = "$(ARCHS_STANDARD_32_BIT)";
				GCC_C_LANGUAGE_STANDARD = c99;
				GCC_PREPROCESSOR_DEFINITIONS_NOT_USED_IN_PRECOMPS = "CONFIGURATION_$(CONFIGURATION)";
				GCC_WARN_ABOUT_RETURN_TYPE = YES;
				GCC_WARN_UNUSED_VARIABLE = YES;
				PREBINDING = NO;
				SDKROOT = macosx10.5;
			};
			name = Release;
		};
/* End XCBuildConfiguration section */

/* Begin XCConfigurationList section */
		C01FCF4A08A954540054247B /* Build configuration list for PBXNativeTarget "Sofia" */ = {
			isa = XCConfigurationList;
			buildConfigurations = (
				C01FCF4B08A954540054247B /* Debug */,
				C01FCF4C08A954540054247B /* Release */,
			);
			defaultConfigurationIsVisible = 0;
			defaultConfigurationName = Release;
		};
		C01FCF4E08A954540054247B /* Build configuration list for PBXProject "books" */ = {
			isa = XCConfigurationList;
			buildConfigurations = (
				C01FCF4F08A954540054247B /* Debug */,
				C01FCF5008A954540054247B /* Release */,
			);
			defaultConfigurationIsVisible = 0;
			defaultConfigurationName = Release;
		};
/* End XCConfigurationList section */
	};
	rootObject = 29B97313FDCFA39411CA2CEA /* Project object */;
}
